// !$*UTF8*$!
{
	archiveVersion = 1;
	classes = {
	};
	objectVersion = 46;
	objects = {

/* Begin PBXBuildFile section */
		C45842571E53E87F00E21550 /* AppDelegate.swift in Sources */ = {isa = PBXBuildFile; fileRef = C45842561E53E87F00E21550 /* AppDelegate.swift */; };
		C45842591E53E87F00E21550 /* ViewController.swift in Sources */ = {isa = PBXBuildFile; fileRef = C45842581E53E87F00E21550 /* ViewController.swift */; };
		C458425C1E53E87F00E21550 /* Main.storyboard in Resources */ = {isa = PBXBuildFile; fileRef = C458425A1E53E87F00E21550 /* Main.storyboard */; };
		C458425E1E53E88000E21550 /* Assets.xcassets in Resources */ = {isa = PBXBuildFile; fileRef = C458425D1E53E88000E21550 /* Assets.xcassets */; };
		C45842611E53E88000E21550 /* LaunchScreen.storyboard in Resources */ = {isa = PBXBuildFile; fileRef = C458425F1E53E88000E21550 /* LaunchScreen.storyboard */; };
/* End PBXBuildFile section */

/* Begin PBXFileReference section */
		C45842531E53E87F00E21550 /* Tips30-泛型扩展.app */ = {isa = PBXFileReference; explicitFileType = wrapper.application; includeInIndex = 0; path = "Tips30-泛型扩展.app"; sourceTree = BUILT_PRODUCTS_DIR; };
		C45842561E53E87F00E21550 /* AppDelegate.swift */ = {isa = PBXFileReference; lastKnownFileType = sourcecode.swift; path = AppDelegate.swift; sourceTree = "<group>"; };
		C45842581E53E87F00E21550 /* ViewController.swift */ = {isa = PBXFileReference; lastKnownFileType = sourcecode.swift; path = ViewController.swift; sourceTree = "<group>"; };
		C458425B1E53E87F00E21550 /* Base */ = {isa = PBXFileReference; lastKnownFileType = file.storyboard; name = Base; path = Base.lproj/Main.storyboard; sourceTree = "<group>"; };
		C458425D1E53E88000E21550 /* Assets.xcassets */ = {isa = PBXFileReference; lastKnownFileType = folder.assetcatalog; path = Assets.xcassets; sourceTree = "<group>"; };
		C45842601E53E88000E21550 /* Base */ = {isa = PBXFileReference; lastKnownFileType = file.storyboard; name = Base; path = Base.lproj/LaunchScreen.storyboard; sourceTree = "<group>"; };
		C45842621E53E88000E21550 /* Info.plist */ = {isa = PBXFileReference; lastKnownFileType = text.plist.xml; path = Info.plist; sourceTree = "<group>"; };
/* End PBXFileReference section */

/* Begin PBXFrameworksBuildPhase section */
		C45842501E53E87F00E21550 /* Frameworks */ = {
			isa = PBXFrameworksBuildPhase;
			buildActionMask = 2147483647;
			files = (
			);
			runOnlyForDeploymentPostprocessing = 0;
		};
/* End PBXFrameworksBuildPhase section */

/* Begin PBXGroup section */
		C458424A1E53E87F00E21550 = {
			isa = PBXGroup;
			children = (
				C45842551E53E87F00E21550 /* Tips30-泛型扩展 */,
				C45842541E53E87F00E21550 /* Products */,
			);
			sourceTree = "<group>";
		};
		C45842541E53E87F00E21550 /* Products */ = {
			isa = PBXGroup;
			children = (
				C45842531E53E87F00E21550 /* Tips30-泛型扩展.app */,
			);
			name = Products;
			sourceTree = "<group>";
		};
		C45842551E53E87F00E21550 /* Tips30-泛型扩展 */ = {
			isa = PBXGroup;
			children = (
				C45842561E53E87F00E21550 /* AppDelegate.swift */,
				C45842581E53E87F00E21550 /* ViewController.swift */,
				C458425A1E53E87F00E21550 /* Main.storyboard */,
				C458425D1E53E88000E21550 /* Assets.xcassets */,
				C458425F1E53E88000E21550 /* LaunchScreen.storyboard */,
				C45842621E53E88000E21550 /* Info.plist */,
			);
			path = "Tips30-泛型扩展";
			sourceTree = "<group>";
		};
/* End PBXGroup section */

/* Begin PBXNativeTarget section */
		C45842521E53E87F00E21550 /* Tips30-泛型扩展 */ = {
			isa = PBXNativeTarget;
			buildConfigurationList = C45842651E53E88000E21550 /* Build configuration list for PBXNativeTarget "Tips30-泛型扩展" */;
			buildPhases = (
				C458424F1E53E87F00E21550 /* Sources */,
				C45842501E53E87F00E21550 /* Frameworks */,
				C45842511E53E87F00E21550 /* Resources */,
			);
			buildRules = (
			);
			dependencies = (
			);
			name = "Tips30-泛型扩展";
			productName = "Tips30-泛型扩展";
			productReference = C45842531E53E87F00E21550 /* Tips30-泛型扩展.app */;
			productType = "com.apple.product-type.application";
		};
/* End PBXNativeTarget section */

/* Begin PBXProject section */
		C458424B1E53E87F00E21550 /* Project object */ = {
			isa = PBXProject;
			attributes = {
				LastSwiftUpdateCheck = 0730;
				LastUpgradeCheck = 0730;
				ORGANIZATIONNAME = 7feel;
				TargetAttributes = {
					C45842521E53E87F00E21550 = {
						CreatedOnToolsVersion = 7.3;
					};
				};
			};
			buildConfigurationList = C458424E1E53E87F00E21550 /* Build configuration list for PBXProject "Tips30-泛型扩展" */;
			compatibilityVersion = "Xcode 3.2";
			developmentRegion = English;
			hasScannedForEncodings = 0;
			knownRegions = (
				en,
				Base,
			);
			mainGroup = C458424A1E53E87F00E21550;
			productRefGroup = C45842541E53E87F00E21550 /* Products */;
			projectDirPath = "";
			projectRoot = "";
			targets = (
				C45842521E53E87F00E21550 /* Tips30-泛型扩展 */,
			);
		};
/* End PBXProject section */

/* Begin PBXResourcesBuildPhase section */
		C45842511E53E87F00E21550 /* Resources */ = {
			isa = PBXResourcesBuildPhase;
			buildActionMask = 2147483647;
			files = (
				C45842611E53E88000E21550 /* LaunchScreen.storyboard in Resources */,
				C458425E1E53E88000E21550 /* Assets.xcassets in Resources */,
				C458425C1E53E87F00E21550 /* Main.storyboard in Resources */,
			);
			runOnlyForDeploymentPostprocessing = 0;
		};
/* End PBXResourcesBuildPhase section */

/* Begin PBXSourcesBuildPhase section */
		C458424F1E53E87F00E21550 /* Sources */ = {
			isa = PBXSourcesBuildPhase;
			buildActionMask = 2147483647;
			files = (
				C45842591E53E87F00E21550 /* ViewController.swift in Sources */,
				C45842571E53E87F00E21550 /* AppDelegate.swift in Sources */,
			);
			runOnlyForDeploymentPostprocessing = 0;
		};
/* End PBXSourcesBuildPhase section */

/* Begin PBXVariantGroup section */
		C458425A1E53E87F00E21550 /* Main.storyboard */ = {
			isa = PBXVariantGroup;
			children = (
				C458425B1E53E87F00E21550 /* Base */,
			);
			name = Main.storyboard;
			sourceTree = "<group>";
		};
		C458425F1E53E88000E21550 /* LaunchScreen.storyboard */ = {
			isa = PBXVariantGroup;
			children = (
				C45842601E53E88000E21550 /* Base */,
			);
			name = LaunchScreen.storyboard;
			sourceTree = "<group>";
		};
/* End PBXVariantGroup section */

/* Begin XCBuildConfiguration section */
		C45842631E53E88000E21550 /* Debug */ = {
			isa = XCBuildConfiguration;
			buildSettings = {
				ALWAYS_SEARCH_USER_PATHS = NO;
				CLANG_ANALYZER_NONNULL = YES;
				CLANG_CXX_LANGUAGE_STANDARD = "gnu++0x";
				CLANG_CXX_LIBRARY = "libc++";
				CLANG_ENABLE_MODULES = YES;
				CLANG_ENABLE_OBJC_ARC = YES;
				CLANG_WARN_BOOL_CONVERSION = YES;
				CLANG_WARN_CONSTANT_CONVERSION = YES;
				CLANG_WARN_DIRECT_OBJC_ISA_USAGE = YES_ERROR;
				CLANG_WARN_EMPTY_BODY = YES;
				CLANG_WARN_ENUM_CONVERSION = YES;
				CLANG_WARN_INT_CONVERSION = YES;
				CLANG_WARN_OBJC_ROOT_CLASS = YES_ERROR;
				CLANG_WARN_UNREACHABLE_CODE = YES;
				CLANG_WARN__DUPLICATE_METHOD_MATCH = YES;
				"CODE_SIGN_IDENTITY[sdk=iphoneos*]" = "iPhone Developer";
				COPY_PHASE_STRIP = NO;
				DEBUG_INFORMATION_FORMAT = dwarf;
				ENABLE_STRICT_OBJC_MSGSEND = YES;
				ENABLE_TESTABILITY = YES;
				GCC_C_LANGUAGE_STANDARD = gnu99;
				GCC_DYNAMIC_NO_PIC = NO;
				GCC_NO_COMMON_BLOCKS = YES;
				GCC_OPTIMIZATION_LEVEL = 0;
				GCC_PREPROCESSOR_DEFINITIONS = (
					"DEBUG=1",
					"$(inherited)",
				);
				GCC_WARN_64_TO_32_BIT_CONVERSION = YES;
				GCC_WARN_ABOUT_RETURN_TYPE = YES_ERROR;
				GCC_WARN_UNDECLARED_SELECTOR = YES;
				GCC_WARN_UNINITIALIZED_AUTOS = YES_AGGRESSIVE;
				GCC_WARN_UNUSED_FUNCTION = YES;
				GCC_WARN_UNUSED_VARIABLE = YES;
				IPHONEOS_DEPLOYMENT_TARGET = 9.3;
				MTL_ENABLE_DEBUG_INFO = YES;
				ONLY_ACTIVE_ARCH = YES;
				SDKROOT = iphoneos;
				SWIFT_OPTIMIZATION_LEVEL = "-Onone";
			};
			name = Debug;
		};
		C45842641E53E88000E21550 /* Release */ = {
			isa = XCBuildConfiguration;
			buildSettings = {
				ALWAYS_SEARCH_USER_PATHS = NO;
				CLANG_ANALYZER_NONNULL = YES;
				CLANG_CXX_LANGUAGE_STANDARD = "gnu++0x";
				CLANG_CXX_LIBRARY = "libc++";
				CLANG_ENABLE_MODULES = YES;
				CLANG_ENABLE_OBJC_ARC = YES;
				CLANG_WARN_BOOL_CONVERSION = YES;
				CLANG_WARN_CONSTANT_CONVERSION = YES;
				CLANG_WARN_DIRECT_OBJC_ISA_USAGE = YES_ERROR;
				CLANG_WARN_EMPTY_BODY = YES;
				CLANG_WARN_ENUM_CONVERSION = YES;
				CLANG_WARN_INT_CONVERSION = YES;
				CLANG_WARN_OBJC_ROOT_CLASS = YES_ERROR;
				CLANG_WARN_UNREACHABLE_CODE = YES;
				CLANG_WARN__DUPLICATE_METHOD_MATCH = YES;
				"CODE_SIGN_IDENTITY[sdk=iphoneos*]" = "iPhone Developer";
				COPY_PHASE_STRIP = NO;
				DEBUG_INFORMATION_FORMAT = "dwarf-with-dsym";
				ENABLE_NS_ASSERTIONS = NO;
				ENABLE_STRICT_OBJC_MSGSEND = YES;
				GCC_C_LANGUAGE_STANDARD = gnu99;
				GCC_NO_COMMON_BLOCKS = YES;
				GCC_WARN_64_TO_32_BIT_CONVERSION = YES;
				GCC_WARN_ABOUT_RETURN_TYPE = YES_ERROR;
				GCC_WARN_UNDECLARED_SELECTOR = YES;
				GCC_WARN_UNINITIALIZED_AUTOS = YES_AGGRESSIVE;
				GCC_WARN_UNUSED_FUNCTION = YES;
				GCC_WARN_UNUSED_VARIABLE = YES;
				IPHONEOS_DEPLOYMENT_TARGET = 9.3;
				MTL_ENABLE_DEBUG_INFO = NO;
				SDKROOT = iphoneos;
				VALIDATE_PRODUCT = YES;
			};
			name = Release;
		};
		C45842661E53E88000E21550 /* Debug */ = {
			isa = XCBuildConfiguration;
			buildSettings = {
				ASSETCATALOG_COMPILER_APPICON_NAME = AppIcon;
				INFOPLIST_FILE = "Tips30-泛型扩展/Info.plist";
				LD_RUNPATH_SEARCH_PATHS = "$(inherited) @executable_path/Frameworks";
				PRODUCT_BUNDLE_IDENTIFIER = "com.7feel.Tips30-----";
				PRODUCT_NAME = "$(TARGET_NAME)";
			};
			name = Debug;
		};
		C45842671E53E88000E21550 /* Release */ = {
			isa = XCBuildConfiguration;
			buildSettings = {
				ASSETCATALOG_COMPILER_APPICON_NAME = AppIcon;
				INFOPLIST_FILE = "Tips30-泛型扩展/Info.plist";
				LD_RUNPATH_SEARCH_PATHS = "$(inherited) @executable_path/Frameworks";
				PRODUCT_BUNDLE_IDENTIFIER = "com.7feel.Tips30-----";
				PRODUCT_NAME = "$(TARGET_NAME)";
			};
			name = Release;
		};
/* End XCBuildConfiguration section */

/* Begin XCConfigurationList section */
		C458424E1E53E87F00E21550 /* Build configuration list for PBXProject "Tips30-泛型扩展" */ = {
			isa = XCConfigurationList;
			buildConfigurations = (
				C45842631E53E88000E21550 /* Debug */,
				C45842641E53E88000E21550 /* Release */,
			);
			defaultConfigurationIsVisible = 0;
			defaultConfigurationName = Release;
		};
		C45842651E53E88000E21550 /* Build configuration list for PBXNativeTarget "Tips30-泛型扩展" */ = {
			isa = XCConfigurationList;
			buildConfigurations = (
				C45842661E53E88000E21550 /* Debug */,
				C45842671E53E88000E21550 /* Release */,
			);
			defaultConfigurationIsVisible = 0;
		};
/* End XCConfigurationList section */
	};
	rootObject = C458424B1E53E87F00E21550 /* Project object */;
}
