// !$*UTF8*$!
{
	archiveVersion = 1;
	classes = {
	};
	objectVersion = 46;
	objects = {

/* Begin PBXBuildFile section */
		C455EFA31E33041700CBEBE2 /* AppDelegate.swift in Sources */ = {isa = PBXBuildFile; fileRef = C455EFA21E33041700CBEBE2 /* AppDelegate.swift */; };
		C455EFA51E33041700CBEBE2 /* ViewController.swift in Sources */ = {isa = PBXBuildFile; fileRef = C455EFA41E33041700CBEBE2 /* ViewController.swift */; };
		C455EFA81E33041700CBEBE2 /* Main.storyboard in Resources */ = {isa = PBXBuildFile; fileRef = C455EFA61E33041700CBEBE2 /* Main.storyboard */; };
		C455EFAA1E33041700CBEBE2 /* Assets.xcassets in Resources */ = {isa = PBXBuildFile; fileRef = C455EFA91E33041700CBEBE2 /* Assets.xcassets */; };
		C455EFAD1E33041700CBEBE2 /* LaunchScreen.storyboard in Resources */ = {isa = PBXBuildFile; fileRef = C455EFAB1E33041700CBEBE2 /* LaunchScreen.storyboard */; };
		C455EFB51E332C0100CBEBE2 /* main.swift in Sources */ = {isa = PBXBuildFile; fileRef = C455EFB41E332C0100CBEBE2 /* main.swift */; };
		C455EFB91E332EF400CBEBE2 /* MyClass.m in Sources */ = {isa = PBXBuildFile; fileRef = C455EFB81E332EF400CBEBE2 /* MyClass.m */; };
/* End PBXBuildFile section */

/* Begin PBXFileReference section */
		C455EF9F1E33041700CBEBE2 /* Tips19-条件编译.app */ = {isa = PBXFileReference; explicitFileType = wrapper.application; includeInIndex = 0; path = "Tips19-条件编译.app"; sourceTree = BUILT_PRODUCTS_DIR; };
		C455EFA21E33041700CBEBE2 /* AppDelegate.swift */ = {isa = PBXFileReference; lastKnownFileType = sourcecode.swift; path = AppDelegate.swift; sourceTree = "<group>"; };
		C455EFA41E33041700CBEBE2 /* ViewController.swift */ = {isa = PBXFileReference; lastKnownFileType = sourcecode.swift; path = ViewController.swift; sourceTree = "<group>"; };
		C455EFA71E33041700CBEBE2 /* Base */ = {isa = PBXFileReference; lastKnownFileType = file.storyboard; name = Base; path = Base.lproj/Main.storyboard; sourceTree = "<group>"; };
		C455EFA91E33041700CBEBE2 /* Assets.xcassets */ = {isa = PBXFileReference; lastKnownFileType = folder.assetcatalog; path = Assets.xcassets; sourceTree = "<group>"; };
		C455EFAC1E33041700CBEBE2 /* Base */ = {isa = PBXFileReference; lastKnownFileType = file.storyboard; name = Base; path = Base.lproj/LaunchScreen.storyboard; sourceTree = "<group>"; };
		C455EFAE1E33041700CBEBE2 /* Info.plist */ = {isa = PBXFileReference; lastKnownFileType = text.plist.xml; path = Info.plist; sourceTree = "<group>"; };
		C455EFB41E332C0100CBEBE2 /* main.swift */ = {isa = PBXFileReference; fileEncoding = 4; lastKnownFileType = sourcecode.swift; path = main.swift; sourceTree = "<group>"; };
		C455EFB61E332EF300CBEBE2 /* Tips19-条件编译-Bridging-Header.h */ = {isa = PBXFileReference; lastKnownFileType = sourcecode.c.h; path = "Tips19-条件编译-Bridging-Header.h"; sourceTree = "<group>"; };
		C455EFB71E332EF400CBEBE2 /* MyClass.h */ = {isa = PBXFileReference; fileEncoding = 4; lastKnownFileType = sourcecode.c.h; path = MyClass.h; sourceTree = "<group>"; };
		C455EFB81E332EF400CBEBE2 /* MyClass.m */ = {isa = PBXFileReference; fileEncoding = 4; lastKnownFileType = sourcecode.c.objc; path = MyClass.m; sourceTree = "<group>"; };
/* End PBXFileReference section */

/* Begin PBXFrameworksBuildPhase section */
		C455EF9C1E33041700CBEBE2 /* Frameworks */ = {
			isa = PBXFrameworksBuildPhase;
			buildActionMask = 2147483647;
			files = (
			);
			runOnlyForDeploymentPostprocessing = 0;
		};
/* End PBXFrameworksBuildPhase section */

/* Begin PBXGroup section */
		C455EF961E33041600CBEBE2 = {
			isa = PBXGroup;
			children = (
				C455EFA11E33041700CBEBE2 /* Tips19-条件编译 */,
				C455EFA01E33041700CBEBE2 /* Products */,
			);
			sourceTree = "<group>";
		};
		C455EFA01E33041700CBEBE2 /* Products */ = {
			isa = PBXGroup;
			children = (
				C455EF9F1E33041700CBEBE2 /* Tips19-条件编译.app */,
			);
			name = Products;
			sourceTree = "<group>";
		};
		C455EFA11E33041700CBEBE2 /* Tips19-条件编译 */ = {
			isa = PBXGroup;
			children = (
				C455EFA21E33041700CBEBE2 /* AppDelegate.swift */,
				C455EFA41E33041700CBEBE2 /* ViewController.swift */,
				C455EFB41E332C0100CBEBE2 /* main.swift */,
				C455EFB71E332EF400CBEBE2 /* MyClass.h */,
				C455EFB81E332EF400CBEBE2 /* MyClass.m */,
				C455EFA61E33041700CBEBE2 /* Main.storyboard */,
				C455EFA91E33041700CBEBE2 /* Assets.xcassets */,
				C455EFAB1E33041700CBEBE2 /* LaunchScreen.storyboard */,
				C455EFAE1E33041700CBEBE2 /* Info.plist */,
				C455EFB61E332EF300CBEBE2 /* Tips19-条件编译-Bridging-Header.h */,
			);
			path = "Tips19-条件编译";
			sourceTree = "<group>";
		};
/* End PBXGroup section */

/* Begin PBXNativeTarget section */
		C455EF9E1E33041700CBEBE2 /* Tips19-条件编译 */ = {
			isa = PBXNativeTarget;
			buildConfigurationList = C455EFB11E33041700CBEBE2 /* Build configuration list for PBXNativeTarget "Tips19-条件编译" */;
			buildPhases = (
				C455EF9B1E33041700CBEBE2 /* Sources */,
				C455EF9C1E33041700CBEBE2 /* Frameworks */,
				C455EF9D1E33041700CBEBE2 /* Resources */,
			);
			buildRules = (
			);
			dependencies = (
			);
			name = "Tips19-条件编译";
			productName = "Tips19-条件编译";
			productReference = C455EF9F1E33041700CBEBE2 /* Tips19-条件编译.app */;
			productType = "com.apple.product-type.application";
		};
/* End PBXNativeTarget section */

/* Begin PBXProject section */
		C455EF971E33041700CBEBE2 /* Project object */ = {
			isa = PBXProject;
			attributes = {
				LastSwiftUpdateCheck = 0730;
				LastUpgradeCheck = 0730;
				ORGANIZATIONNAME = 7feel;
				TargetAttributes = {
					C455EF9E1E33041700CBEBE2 = {
						CreatedOnToolsVersion = 7.3;
						LastSwiftMigration = 0830;
					};
				};
			};
			buildConfigurationList = C455EF9A1E33041700CBEBE2 /* Build configuration list for PBXProject "Tips19-条件编译" */;
			compatibilityVersion = "Xcode 3.2";
			developmentRegion = English;
			hasScannedForEncodings = 0;
			knownRegions = (
				en,
				Base,
			);
			mainGroup = C455EF961E33041600CBEBE2;
			productRefGroup = C455EFA01E33041700CBEBE2 /* Products */;
			projectDirPath = "";
			projectRoot = "";
			targets = (
				C455EF9E1E33041700CBEBE2 /* Tips19-条件编译 */,
			);
		};
/* End PBXProject section */

/* Begin PBXResourcesBuildPhase section */
		C455EF9D1E33041700CBEBE2 /* Resources */ = {
			isa = PBXResourcesBuildPhase;
			buildActionMask = 2147483647;
			files = (
				C455EFAD1E33041700CBEBE2 /* LaunchScreen.storyboard in Resources */,
				C455EFAA1E33041700CBEBE2 /* Assets.xcassets in Resources */,
				C455EFA81E33041700CBEBE2 /* Main.storyboard in Resources */,
			);
			runOnlyForDeploymentPostprocessing = 0;
		};
/* End PBXResourcesBuildPhase section */

/* Begin PBXSourcesBuildPhase section */
		C455EF9B1E33041700CBEBE2 /* Sources */ = {
			isa = PBXSourcesBuildPhase;
			buildActionMask = 2147483647;
			files = (
				C455EFB91E332EF400CBEBE2 /* MyClass.m in Sources */,
				C455EFA51E33041700CBEBE2 /* ViewController.swift in Sources */,
				C455EFA31E33041700CBEBE2 /* AppDelegate.swift in Sources */,
				C455EFB51E332C0100CBEBE2 /* main.swift in Sources */,
			);
			runOnlyForDeploymentPostprocessing = 0;
		};
/* End PBXSourcesBuildPhase section */

/* Begin PBXVariantGroup section */
		C455EFA61E33041700CBEBE2 /* Main.storyboard */ = {
			isa = PBXVariantGroup;
			children = (
				C455EFA71E33041700CBEBE2 /* Base */,
			);
			name = Main.storyboard;
			sourceTree = "<group>";
		};
		C455EFAB1E33041700CBEBE2 /* LaunchScreen.storyboard */ = {
			isa = PBXVariantGroup;
			children = (
				C455EFAC1E33041700CBEBE2 /* Base */,
			);
			name = LaunchScreen.storyboard;
			sourceTree = "<group>";
		};
/* End PBXVariantGroup section */

/* Begin XCBuildConfiguration section */
		C455EFAF1E33041700CBEBE2 /* Debug */ = {
			isa = XCBuildConfiguration;
			buildSettings = {
				ALWAYS_SEARCH_USER_PATHS = NO;
				CLANG_ANALYZER_NONNULL = YES;
				CLANG_CXX_LANGUAGE_STANDARD = "gnu++0x";
				CLANG_CXX_LIBRARY = "libc++";
				CLANG_ENABLE_MODULES = YES;
				CLANG_ENABLE_OBJC_ARC = YES;
				CLANG_WARN_BOOL_CONVERSION = YES;
				CLANG_WARN_CONSTANT_CONVERSION = YES;
				CLANG_WARN_DIRECT_OBJC_ISA_USAGE = YES_ERROR;
				CLANG_WARN_EMPTY_BODY = YES;
				CLANG_WARN_ENUM_CONVERSION = YES;
				CLANG_WARN_INT_CONVERSION = YES;
				CLANG_WARN_OBJC_ROOT_CLASS = YES_ERROR;
				CLANG_WARN_UNREACHABLE_CODE = YES;
				CLANG_WARN__DUPLICATE_METHOD_MATCH = YES;
				"CODE_SIGN_IDENTITY[sdk=iphoneos*]" = "iPhone Developer";
				COPY_PHASE_STRIP = NO;
				DEBUG_INFORMATION_FORMAT = dwarf;
				ENABLE_STRICT_OBJC_MSGSEND = YES;
				ENABLE_TESTABILITY = YES;
				GCC_C_LANGUAGE_STANDARD = gnu99;
				GCC_DYNAMIC_NO_PIC = NO;
				GCC_NO_COMMON_BLOCKS = YES;
				GCC_OPTIMIZATION_LEVEL = 0;
				GCC_PREPROCESSOR_DEFINITIONS = (
					"DEBUG=1",
					"$(inherited)",
				);
				GCC_WARN_64_TO_32_BIT_CONVERSION = YES;
				GCC_WARN_ABOUT_RETURN_TYPE = YES_ERROR;
				GCC_WARN_UNDECLARED_SELECTOR = YES;
				GCC_WARN_UNINITIALIZED_AUTOS = YES_AGGRESSIVE;
				GCC_WARN_UNUSED_FUNCTION = YES;
				GCC_WARN_UNUSED_VARIABLE = YES;
				IPHONEOS_DEPLOYMENT_TARGET = 9.3;
				MTL_ENABLE_DEBUG_INFO = YES;
				ONLY_ACTIVE_ARCH = YES;
				SDKROOT = iphoneos;
				SWIFT_OPTIMIZATION_LEVEL = "-Onone";
			};
			name = Debug;
		};
		C455EFB01E33041700CBEBE2 /* Release */ = {
			isa = XCBuildConfiguration;
			buildSettings = {
				ALWAYS_SEARCH_USER_PATHS = NO;
				CLANG_ANALYZER_NONNULL = YES;
				CLANG_CXX_LANGUAGE_STANDARD = "gnu++0x";
				CLANG_CXX_LIBRARY = "libc++";
				CLANG_ENABLE_MODULES = YES;
				CLANG_ENABLE_OBJC_ARC = YES;
				CLANG_WARN_BOOL_CONVERSION = YES;
				CLANG_WARN_CONSTANT_CONVERSION = YES;
				CLANG_WARN_DIRECT_OBJC_ISA_USAGE = YES_ERROR;
				CLANG_WARN_EMPTY_BODY = YES;
				CLANG_WARN_ENUM_CONVERSION = YES;
				CLANG_WARN_INT_CONVERSION = YES;
				CLANG_WARN_OBJC_ROOT_CLASS = YES_ERROR;
				CLANG_WARN_UNREACHABLE_CODE = YES;
				CLANG_WARN__DUPLICATE_METHOD_MATCH = YES;
				"CODE_SIGN_IDENTITY[sdk=iphoneos*]" = "iPhone Developer";
				COPY_PHASE_STRIP = NO;
				DEBUG_INFORMATION_FORMAT = "dwarf-with-dsym";
				ENABLE_NS_ASSERTIONS = NO;
				ENABLE_STRICT_OBJC_MSGSEND = YES;
				GCC_C_LANGUAGE_STANDARD = gnu99;
				GCC_NO_COMMON_BLOCKS = YES;
				GCC_WARN_64_TO_32_BIT_CONVERSION = YES;
				GCC_WARN_ABOUT_RETURN_TYPE = YES_ERROR;
				GCC_WARN_UNDECLARED_SELECTOR = YES;
				GCC_WARN_UNINITIALIZED_AUTOS = YES_AGGRESSIVE;
				GCC_WARN_UNUSED_FUNCTION = YES;
				GCC_WARN_UNUSED_VARIABLE = YES;
				IPHONEOS_DEPLOYMENT_TARGET = 9.3;
				MTL_ENABLE_DEBUG_INFO = NO;
				SDKROOT = iphoneos;
				VALIDATE_PRODUCT = YES;
			};
			name = Release;
		};
		C455EFB21E33041700CBEBE2 /* Debug */ = {
			isa = XCBuildConfiguration;
			buildSettings = {
				ASSETCATALOG_COMPILER_APPICON_NAME = AppIcon;
				CLANG_ENABLE_MODULES = YES;
				INFOPLIST_FILE = "Tips19-条件编译/Info.plist";
				LD_RUNPATH_SEARCH_PATHS = "$(inherited) @executable_path/Frameworks";
				OTHER_SWIFT_FLAGS = "-D FREE_VERSION";
				PRODUCT_BUNDLE_IDENTIFIER = "com.7feel.Tips19-----";
				PRODUCT_NAME = "$(TARGET_NAME)";
				SWIFT_OBJC_BRIDGING_HEADER = "Tips19-条件编译/Tips19-条件编译-Bridging-Header.h";
				SWIFT_OPTIMIZATION_LEVEL = "-Onone";
				SWIFT_VERSION = 3.0;
			};
			name = Debug;
		};
		C455EFB31E33041700CBEBE2 /* Release */ = {
			isa = XCBuildConfiguration;
			buildSettings = {
				ASSETCATALOG_COMPILER_APPICON_NAME = AppIcon;
				CLANG_ENABLE_MODULES = YES;
				INFOPLIST_FILE = "Tips19-条件编译/Info.plist";
				LD_RUNPATH_SEARCH_PATHS = "$(inherited) @executable_path/Frameworks";
				OTHER_SWIFT_FLAGS = "-D FREE_VERSION";
				PRODUCT_BUNDLE_IDENTIFIER = "com.7feel.Tips19-----";
				PRODUCT_NAME = "$(TARGET_NAME)";
				SWIFT_OBJC_BRIDGING_HEADER = "Tips19-条件编译/Tips19-条件编译-Bridging-Header.h";
				SWIFT_VERSION = 3.0;
			};
			name = Release;
		};
/* End XCBuildConfiguration section */

/* Begin XCConfigurationList section */
		C455EF9A1E33041700CBEBE2 /* Build configuration list for PBXProject "Tips19-条件编译" */ = {
			isa = XCConfigurationList;
			buildConfigurations = (
				C455EFAF1E33041700CBEBE2 /* Debug */,
				C455EFB01E33041700CBEBE2 /* Release */,
			);
			defaultConfigurationIsVisible = 0;
			defaultConfigurationName = Release;
		};
		C455EFB11E33041700CBEBE2 /* Build configuration list for PBXNativeTarget "Tips19-条件编译" */ = {
			isa = XCConfigurationList;
			buildConfigurations = (
				C455EFB21E33041700CBEBE2 /* Debug */,
				C455EFB31E33041700CBEBE2 /* Release */,
			);
			defaultConfigurationIsVisible = 0;
			defaultConfigurationName = Release;
		};
/* End XCConfigurationList section */
	};
	rootObject = C455EF971E33041700CBEBE2 /* Project object */;
}
