// !$*UTF8*$!
{
	archiveVersion = 1;
	classes = {
	};
	objectVersion = 46;
	objects = {

/* Begin PBXBuildFile section */
		C471CEF11E519CFC00D9486C /* AppDelegate.swift in Sources */ = {isa = PBXBuildFile; fileRef = C471CEF01E519CFC00D9486C /* AppDelegate.swift */; };
		C471CEF31E519CFC00D9486C /* ViewController.swift in Sources */ = {isa = PBXBuildFile; fileRef = C471CEF21E519CFC00D9486C /* ViewController.swift */; };
		C471CEF61E519CFC00D9486C /* Main.storyboard in Resources */ = {isa = PBXBuildFile; fileRef = C471CEF41E519CFC00D9486C /* Main.storyboard */; };
		C471CEF81E519CFC00D9486C /* Assets.xcassets in Resources */ = {isa = PBXBuildFile; fileRef = C471CEF71E519CFC00D9486C /* Assets.xcassets */; };
		C471CEFB1E519CFC00D9486C /* LaunchScreen.storyboard in Resources */ = {isa = PBXBuildFile; fileRef = C471CEF91E519CFC00D9486C /* LaunchScreen.storyboard */; };
/* End PBXBuildFile section */

/* Begin PBXFileReference section */
		C471CEED1E519CFC00D9486C /* Tips27.app */ = {isa = PBXFileReference; explicitFileType = wrapper.application; includeInIndex = 0; path = Tips27.app; sourceTree = BUILT_PRODUCTS_DIR; };
		C471CEF01E519CFC00D9486C /* AppDelegate.swift */ = {isa = PBXFileReference; lastKnownFileType = sourcecode.swift; path = AppDelegate.swift; sourceTree = "<group>"; };
		C471CEF21E519CFC00D9486C /* ViewController.swift */ = {isa = PBXFileReference; lastKnownFileType = sourcecode.swift; path = ViewController.swift; sourceTree = "<group>"; };
		C471CEF51E519CFC00D9486C /* Base */ = {isa = PBXFileReference; lastKnownFileType = file.storyboard; name = Base; path = Base.lproj/Main.storyboard; sourceTree = "<group>"; };
		C471CEF71E519CFC00D9486C /* Assets.xcassets */ = {isa = PBXFileReference; lastKnownFileType = folder.assetcatalog; path = Assets.xcassets; sourceTree = "<group>"; };
		C471CEFA1E519CFC00D9486C /* Base */ = {isa = PBXFileReference; lastKnownFileType = file.storyboard; name = Base; path = Base.lproj/LaunchScreen.storyboard; sourceTree = "<group>"; };
		C471CEFC1E519CFC00D9486C /* Info.plist */ = {isa = PBXFileReference; lastKnownFileType = text.plist.xml; path = Info.plist; sourceTree = "<group>"; };
/* End PBXFileReference section */

/* Begin PBXFrameworksBuildPhase section */
		C471CEEA1E519CFC00D9486C /* Frameworks */ = {
			isa = PBXFrameworksBuildPhase;
			buildActionMask = 2147483647;
			files = (
			);
			runOnlyForDeploymentPostprocessing = 0;
		};
/* End PBXFrameworksBuildPhase section */

/* Begin PBXGroup section */
		C471CEE41E519CFC00D9486C = {
			isa = PBXGroup;
			children = (
				C471CEEF1E519CFC00D9486C /* Tips27 */,
				C471CEEE1E519CFC00D9486C /* Products */,
			);
			sourceTree = "<group>";
		};
		C471CEEE1E519CFC00D9486C /* Products */ = {
			isa = PBXGroup;
			children = (
				C471CEED1E519CFC00D9486C /* Tips27.app */,
			);
			name = Products;
			sourceTree = "<group>";
		};
		C471CEEF1E519CFC00D9486C /* Tips27 */ = {
			isa = PBXGroup;
			children = (
				C471CEF01E519CFC00D9486C /* AppDelegate.swift */,
				C471CEF21E519CFC00D9486C /* ViewController.swift */,
				C471CEF41E519CFC00D9486C /* Main.storyboard */,
				C471CEF71E519CFC00D9486C /* Assets.xcassets */,
				C471CEF91E519CFC00D9486C /* LaunchScreen.storyboard */,
				C471CEFC1E519CFC00D9486C /* Info.plist */,
			);
			path = Tips27;
			sourceTree = "<group>";
		};
/* End PBXGroup section */

/* Begin PBXNativeTarget section */
		C471CEEC1E519CFC00D9486C /* Tips27 */ = {
			isa = PBXNativeTarget;
			buildConfigurationList = C471CEFF1E519CFC00D9486C /* Build configuration list for PBXNativeTarget "Tips27" */;
			buildPhases = (
				C471CEE91E519CFC00D9486C /* Sources */,
				C471CEEA1E519CFC00D9486C /* Frameworks */,
				C471CEEB1E519CFC00D9486C /* Resources */,
			);
			buildRules = (
			);
			dependencies = (
			);
			name = Tips27;
			productName = Tips27;
			productReference = C471CEED1E519CFC00D9486C /* Tips27.app */;
			productType = "com.apple.product-type.application";
		};
/* End PBXNativeTarget section */

/* Begin PBXProject section */
		C471CEE51E519CFC00D9486C /* Project object */ = {
			isa = PBXProject;
			attributes = {
				LastSwiftUpdateCheck = 0730;
				LastUpgradeCheck = 0730;
				ORGANIZATIONNAME = 7feel;
				TargetAttributes = {
					C471CEEC1E519CFC00D9486C = {
						CreatedOnToolsVersion = 7.3;
					};
				};
			};
			buildConfigurationList = C471CEE81E519CFC00D9486C /* Build configuration list for PBXProject "Tips27" */;
			compatibilityVersion = "Xcode 3.2";
			developmentRegion = English;
			hasScannedForEncodings = 0;
			knownRegions = (
				en,
				Base,
			);
			mainGroup = C471CEE41E519CFC00D9486C;
			productRefGroup = C471CEEE1E519CFC00D9486C /* Products */;
			projectDirPath = "";
			projectRoot = "";
			targets = (
				C471CEEC1E519CFC00D9486C /* Tips27 */,
			);
		};
/* End PBXProject section */

/* Begin PBXResourcesBuildPhase section */
		C471CEEB1E519CFC00D9486C /* Resources */ = {
			isa = PBXResourcesBuildPhase;
			buildActionMask = 2147483647;
			files = (
				C471CEFB1E519CFC00D9486C /* LaunchScreen.storyboard in Resources */,
				C471CEF81E519CFC00D9486C /* Assets.xcassets in Resources */,
				C471CEF61E519CFC00D9486C /* Main.storyboard in Resources */,
			);
			runOnlyForDeploymentPostprocessing = 0;
		};
/* End PBXResourcesBuildPhase section */

/* Begin PBXSourcesBuildPhase section */
		C471CEE91E519CFC00D9486C /* Sources */ = {
			isa = PBXSourcesBuildPhase;
			buildActionMask = 2147483647;
			files = (
				C471CEF31E519CFC00D9486C /* ViewController.swift in Sources */,
				C471CEF11E519CFC00D9486C /* AppDelegate.swift in Sources */,
			);
			runOnlyForDeploymentPostprocessing = 0;
		};
/* End PBXSourcesBuildPhase section */

/* Begin PBXVariantGroup section */
		C471CEF41E519CFC00D9486C /* Main.storyboard */ = {
			isa = PBXVariantGroup;
			children = (
				C471CEF51E519CFC00D9486C /* Base */,
			);
			name = Main.storyboard;
			sourceTree = "<group>";
		};
		C471CEF91E519CFC00D9486C /* LaunchScreen.storyboard */ = {
			isa = PBXVariantGroup;
			children = (
				C471CEFA1E519CFC00D9486C /* Base */,
			);
			name = LaunchScreen.storyboard;
			sourceTree = "<group>";
		};
/* End PBXVariantGroup section */

/* Begin XCBuildConfiguration section */
		C471CEFD1E519CFC00D9486C /* Debug */ = {
			isa = XCBuildConfiguration;
			buildSettings = {
				ALWAYS_SEARCH_USER_PATHS = NO;
				CLANG_ANALYZER_NONNULL = YES;
				CLANG_CXX_LANGUAGE_STANDARD = "gnu++0x";
				CLANG_CXX_LIBRARY = "libc++";
				CLANG_ENABLE_MODULES = YES;
				CLANG_ENABLE_OBJC_ARC = YES;
				CLANG_WARN_BOOL_CONVERSION = YES;
				CLANG_WARN_CONSTANT_CONVERSION = YES;
				CLANG_WARN_DIRECT_OBJC_ISA_USAGE = YES_ERROR;
				CLANG_WARN_EMPTY_BODY = YES;
				CLANG_WARN_ENUM_CONVERSION = YES;
				CLANG_WARN_INT_CONVERSION = YES;
				CLANG_WARN_OBJC_ROOT_CLASS = YES_ERROR;
				CLANG_WARN_UNREACHABLE_CODE = YES;
				CLANG_WARN__DUPLICATE_METHOD_MATCH = YES;
				"CODE_SIGN_IDENTITY[sdk=iphoneos*]" = "iPhone Developer";
				COPY_PHASE_STRIP = NO;
				DEBUG_INFORMATION_FORMAT = dwarf;
				ENABLE_STRICT_OBJC_MSGSEND = YES;
				ENABLE_TESTABILITY = YES;
				GCC_C_LANGUAGE_STANDARD = gnu99;
				GCC_DYNAMIC_NO_PIC = NO;
				GCC_NO_COMMON_BLOCKS = YES;
				GCC_OPTIMIZATION_LEVEL = 0;
				GCC_PREPROCESSOR_DEFINITIONS = (
					"DEBUG=1",
					"$(inherited)",
				);
				GCC_WARN_64_TO_32_BIT_CONVERSION = YES;
				GCC_WARN_ABOUT_RETURN_TYPE = YES_ERROR;
				GCC_WARN_UNDECLARED_SELECTOR = YES;
				GCC_WARN_UNINITIALIZED_AUTOS = YES_AGGRESSIVE;
				GCC_WARN_UNUSED_FUNCTION = YES;
				GCC_WARN_UNUSED_VARIABLE = YES;
				IPHONEOS_DEPLOYMENT_TARGET = 9.3;
				MTL_ENABLE_DEBUG_INFO = YES;
				ONLY_ACTIVE_ARCH = YES;
				SDKROOT = iphoneos;
				SWIFT_OPTIMIZATION_LEVEL = "-Onone";
			};
			name = Debug;
		};
		C471CEFE1E519CFC00D9486C /* Release */ = {
			isa = XCBuildConfiguration;
			buildSettings = {
				ALWAYS_SEARCH_USER_PATHS = NO;
				CLANG_ANALYZER_NONNULL = YES;
				CLANG_CXX_LANGUAGE_STANDARD = "gnu++0x";
				CLANG_CXX_LIBRARY = "libc++";
				CLANG_ENABLE_MODULES = YES;
				CLANG_ENABLE_OBJC_ARC = YES;
				CLANG_WARN_BOOL_CONVERSION = YES;
				CLANG_WARN_CONSTANT_CONVERSION = YES;
				CLANG_WARN_DIRECT_OBJC_ISA_USAGE = YES_ERROR;
				CLANG_WARN_EMPTY_BODY = YES;
				CLANG_WARN_ENUM_CONVERSION = YES;
				CLANG_WARN_INT_CONVERSION = YES;
				CLANG_WARN_OBJC_ROOT_CLASS = YES_ERROR;
				CLANG_WARN_UNREACHABLE_CODE = YES;
				CLANG_WARN__DUPLICATE_METHOD_MATCH = YES;
				"CODE_SIGN_IDENTITY[sdk=iphoneos*]" = "iPhone Developer";
				COPY_PHASE_STRIP = NO;
				DEBUG_INFORMATION_FORMAT = "dwarf-with-dsym";
				ENABLE_NS_ASSERTIONS = NO;
				ENABLE_STRICT_OBJC_MSGSEND = YES;
				GCC_C_LANGUAGE_STANDARD = gnu99;
				GCC_NO_COMMON_BLOCKS = YES;
				GCC_WARN_64_TO_32_BIT_CONVERSION = YES;
				GCC_WARN_ABOUT_RETURN_TYPE = YES_ERROR;
				GCC_WARN_UNDECLARED_SELECTOR = YES;
				GCC_WARN_UNINITIALIZED_AUTOS = YES_AGGRESSIVE;
				GCC_WARN_UNUSED_FUNCTION = YES;
				GCC_WARN_UNUSED_VARIABLE = YES;
				IPHONEOS_DEPLOYMENT_TARGET = 9.3;
				MTL_ENABLE_DEBUG_INFO = NO;
				SDKROOT = iphoneos;
				VALIDATE_PRODUCT = YES;
			};
			name = Release;
		};
		C471CF001E519CFC00D9486C /* Debug */ = {
			isa = XCBuildConfiguration;
			buildSettings = {
				ASSETCATALOG_COMPILER_APPICON_NAME = AppIcon;
				INFOPLIST_FILE = Tips27/Info.plist;
				LD_RUNPATH_SEARCH_PATHS = "$(inherited) @executable_path/Frameworks";
				PRODUCT_BUNDLE_IDENTIFIER = com.7feel.Tips27;
				PRODUCT_NAME = "$(TARGET_NAME)";
			};
			name = Debug;
		};
		C471CF011E519CFC00D9486C /* Release */ = {
			isa = XCBuildConfiguration;
			buildSettings = {
				ASSETCATALOG_COMPILER_APPICON_NAME = AppIcon;
				INFOPLIST_FILE = Tips27/Info.plist;
				LD_RUNPATH_SEARCH_PATHS = "$(inherited) @executable_path/Frameworks";
				PRODUCT_BUNDLE_IDENTIFIER = com.7feel.Tips27;
				PRODUCT_NAME = "$(TARGET_NAME)";
			};
			name = Release;
		};
/* End XCBuildConfiguration section */

/* Begin XCConfigurationList section */
		C471CEE81E519CFC00D9486C /* Build configuration list for PBXProject "Tips27" */ = {
			isa = XCConfigurationList;
			buildConfigurations = (
				C471CEFD1E519CFC00D9486C /* Debug */,
				C471CEFE1E519CFC00D9486C /* Release */,
			);
			defaultConfigurationIsVisible = 0;
			defaultConfigurationName = Release;
		};
		C471CEFF1E519CFC00D9486C /* Build configuration list for PBXNativeTarget "Tips27" */ = {
			isa = XCConfigurationList;
			buildConfigurations = (
				C471CF001E519CFC00D9486C /* Debug */,
				C471CF011E519CFC00D9486C /* Release */,
			);
			defaultConfigurationIsVisible = 0;
		};
/* End XCConfigurationList section */
	};
	rootObject = C471CEE51E519CFC00D9486C /* Project object */;
}
