// !$*UTF8*$!
{
	archiveVersion = 1;
	classes = {
	};
	objectVersion = 46;
	objects = {

/* Begin PBXBuildFile section */
		C4101CBC1E34A027000076A3 /* AppDelegate.swift in Sources */ = {isa = PBXBuildFile; fileRef = C4101CBB1E34A027000076A3 /* AppDelegate.swift */; };
		C4101CBE1E34A027000076A3 /* ViewController.swift in Sources */ = {isa = PBXBuildFile; fileRef = C4101CBD1E34A027000076A3 /* ViewController.swift */; };
		C4101CC11E34A027000076A3 /* Main.storyboard in Resources */ = {isa = PBXBuildFile; fileRef = C4101CBF1E34A027000076A3 /* Main.storyboard */; };
		C4101CC31E34A027000076A3 /* Assets.xcassets in Resources */ = {isa = PBXBuildFile; fileRef = C4101CC21E34A027000076A3 /* Assets.xcassets */; };
		C4101CC61E34A027000076A3 /* LaunchScreen.storyboard in Resources */ = {isa = PBXBuildFile; fileRef = C4101CC41E34A027000076A3 /* LaunchScreen.storyboard */; };
		C4101CCE1E34A9E9000076A3 /* GCD.swift in Sources */ = {isa = PBXBuildFile; fileRef = C4101CCD1E34A9E9000076A3 /* GCD.swift */; };
/* End PBXBuildFile section */

/* Begin PBXFileReference section */
		C4101CB81E34A027000076A3 /* Tips22.app */ = {isa = PBXFileReference; explicitFileType = wrapper.application; includeInIndex = 0; path = Tips22.app; sourceTree = BUILT_PRODUCTS_DIR; };
		C4101CBB1E34A027000076A3 /* AppDelegate.swift */ = {isa = PBXFileReference; lastKnownFileType = sourcecode.swift; path = AppDelegate.swift; sourceTree = "<group>"; };
		C4101CBD1E34A027000076A3 /* ViewController.swift */ = {isa = PBXFileReference; lastKnownFileType = sourcecode.swift; path = ViewController.swift; sourceTree = "<group>"; };
		C4101CC01E34A027000076A3 /* Base */ = {isa = PBXFileReference; lastKnownFileType = file.storyboard; name = Base; path = Base.lproj/Main.storyboard; sourceTree = "<group>"; };
		C4101CC21E34A027000076A3 /* Assets.xcassets */ = {isa = PBXFileReference; lastKnownFileType = folder.assetcatalog; path = Assets.xcassets; sourceTree = "<group>"; };
		C4101CC51E34A027000076A3 /* Base */ = {isa = PBXFileReference; lastKnownFileType = file.storyboard; name = Base; path = Base.lproj/LaunchScreen.storyboard; sourceTree = "<group>"; };
		C4101CC71E34A027000076A3 /* Info.plist */ = {isa = PBXFileReference; lastKnownFileType = text.plist.xml; path = Info.plist; sourceTree = "<group>"; };
		C4101CCD1E34A9E9000076A3 /* GCD.swift */ = {isa = PBXFileReference; fileEncoding = 4; lastKnownFileType = sourcecode.swift; path = GCD.swift; sourceTree = "<group>"; };
/* End PBXFileReference section */

/* Begin PBXFrameworksBuildPhase section */
		C4101CB51E34A027000076A3 /* Frameworks */ = {
			isa = PBXFrameworksBuildPhase;
			buildActionMask = 2147483647;
			files = (
			);
			runOnlyForDeploymentPostprocessing = 0;
		};
/* End PBXFrameworksBuildPhase section */

/* Begin PBXGroup section */
		C4101CAF1E34A026000076A3 = {
			isa = PBXGroup;
			children = (
				C4101CBA1E34A027000076A3 /* Tips22 */,
				C4101CB91E34A027000076A3 /* Products */,
			);
			sourceTree = "<group>";
		};
		C4101CB91E34A027000076A3 /* Products */ = {
			isa = PBXGroup;
			children = (
				C4101CB81E34A027000076A3 /* Tips22.app */,
			);
			name = Products;
			sourceTree = "<group>";
		};
		C4101CBA1E34A027000076A3 /* Tips22 */ = {
			isa = PBXGroup;
			children = (
				C4101CBB1E34A027000076A3 /* AppDelegate.swift */,
				C4101CBD1E34A027000076A3 /* ViewController.swift */,
				C4101CCD1E34A9E9000076A3 /* GCD.swift */,
				C4101CBF1E34A027000076A3 /* Main.storyboard */,
				C4101CC21E34A027000076A3 /* Assets.xcassets */,
				C4101CC41E34A027000076A3 /* LaunchScreen.storyboard */,
				C4101CC71E34A027000076A3 /* Info.plist */,
			);
			path = Tips22;
			sourceTree = "<group>";
		};
/* End PBXGroup section */

/* Begin PBXNativeTarget section */
		C4101CB71E34A027000076A3 /* Tips22 */ = {
			isa = PBXNativeTarget;
			buildConfigurationList = C4101CCA1E34A027000076A3 /* Build configuration list for PBXNativeTarget "Tips22" */;
			buildPhases = (
				C4101CB41E34A027000076A3 /* Sources */,
				C4101CB51E34A027000076A3 /* Frameworks */,
				C4101CB61E34A027000076A3 /* Resources */,
			);
			buildRules = (
			);
			dependencies = (
			);
			name = Tips22;
			productName = Tips22;
			productReference = C4101CB81E34A027000076A3 /* Tips22.app */;
			productType = "com.apple.product-type.application";
		};
/* End PBXNativeTarget section */

/* Begin PBXProject section */
		C4101CB01E34A026000076A3 /* Project object */ = {
			isa = PBXProject;
			attributes = {
				LastSwiftUpdateCheck = 0730;
				LastUpgradeCheck = 0730;
				ORGANIZATIONNAME = 7feel;
				TargetAttributes = {
					C4101CB71E34A027000076A3 = {
						CreatedOnToolsVersion = 7.3;
					};
				};
			};
			buildConfigurationList = C4101CB31E34A026000076A3 /* Build configuration list for PBXProject "Tips22" */;
			compatibilityVersion = "Xcode 3.2";
			developmentRegion = English;
			hasScannedForEncodings = 0;
			knownRegions = (
				en,
				Base,
			);
			mainGroup = C4101CAF1E34A026000076A3;
			productRefGroup = C4101CB91E34A027000076A3 /* Products */;
			projectDirPath = "";
			projectRoot = "";
			targets = (
				C4101CB71E34A027000076A3 /* Tips22 */,
			);
		};
/* End PBXProject section */

/* Begin PBXResourcesBuildPhase section */
		C4101CB61E34A027000076A3 /* Resources */ = {
			isa = PBXResourcesBuildPhase;
			buildActionMask = 2147483647;
			files = (
				C4101CC61E34A027000076A3 /* LaunchScreen.storyboard in Resources */,
				C4101CC31E34A027000076A3 /* Assets.xcassets in Resources */,
				C4101CC11E34A027000076A3 /* Main.storyboard in Resources */,
			);
			runOnlyForDeploymentPostprocessing = 0;
		};
/* End PBXResourcesBuildPhase section */

/* Begin PBXSourcesBuildPhase section */
		C4101CB41E34A027000076A3 /* Sources */ = {
			isa = PBXSourcesBuildPhase;
			buildActionMask = 2147483647;
			files = (
				C4101CCE1E34A9E9000076A3 /* GCD.swift in Sources */,
				C4101CBE1E34A027000076A3 /* ViewController.swift in Sources */,
				C4101CBC1E34A027000076A3 /* AppDelegate.swift in Sources */,
			);
			runOnlyForDeploymentPostprocessing = 0;
		};
/* End PBXSourcesBuildPhase section */

/* Begin PBXVariantGroup section */
		C4101CBF1E34A027000076A3 /* Main.storyboard */ = {
			isa = PBXVariantGroup;
			children = (
				C4101CC01E34A027000076A3 /* Base */,
			);
			name = Main.storyboard;
			sourceTree = "<group>";
		};
		C4101CC41E34A027000076A3 /* LaunchScreen.storyboard */ = {
			isa = PBXVariantGroup;
			children = (
				C4101CC51E34A027000076A3 /* Base */,
			);
			name = LaunchScreen.storyboard;
			sourceTree = "<group>";
		};
/* End PBXVariantGroup section */

/* Begin XCBuildConfiguration section */
		C4101CC81E34A027000076A3 /* Debug */ = {
			isa = XCBuildConfiguration;
			buildSettings = {
				ALWAYS_SEARCH_USER_PATHS = NO;
				CLANG_ANALYZER_NONNULL = YES;
				CLANG_CXX_LANGUAGE_STANDARD = "gnu++0x";
				CLANG_CXX_LIBRARY = "libc++";
				CLANG_ENABLE_MODULES = YES;
				CLANG_ENABLE_OBJC_ARC = YES;
				CLANG_WARN_BOOL_CONVERSION = YES;
				CLANG_WARN_CONSTANT_CONVERSION = YES;
				CLANG_WARN_DIRECT_OBJC_ISA_USAGE = YES_ERROR;
				CLANG_WARN_EMPTY_BODY = YES;
				CLANG_WARN_ENUM_CONVERSION = YES;
				CLANG_WARN_INT_CONVERSION = YES;
				CLANG_WARN_OBJC_ROOT_CLASS = YES_ERROR;
				CLANG_WARN_UNREACHABLE_CODE = YES;
				CLANG_WARN__DUPLICATE_METHOD_MATCH = YES;
				"CODE_SIGN_IDENTITY[sdk=iphoneos*]" = "iPhone Developer";
				COPY_PHASE_STRIP = NO;
				DEBUG_INFORMATION_FORMAT = dwarf;
				ENABLE_STRICT_OBJC_MSGSEND = YES;
				ENABLE_TESTABILITY = YES;
				GCC_C_LANGUAGE_STANDARD = gnu99;
				GCC_DYNAMIC_NO_PIC = NO;
				GCC_NO_COMMON_BLOCKS = YES;
				GCC_OPTIMIZATION_LEVEL = 0;
				GCC_PREPROCESSOR_DEFINITIONS = (
					"DEBUG=1",
					"$(inherited)",
				);
				GCC_WARN_64_TO_32_BIT_CONVERSION = YES;
				GCC_WARN_ABOUT_RETURN_TYPE = YES_ERROR;
				GCC_WARN_UNDECLARED_SELECTOR = YES;
				GCC_WARN_UNINITIALIZED_AUTOS = YES_AGGRESSIVE;
				GCC_WARN_UNUSED_FUNCTION = YES;
				GCC_WARN_UNUSED_VARIABLE = YES;
				IPHONEOS_DEPLOYMENT_TARGET = 9.3;
				MTL_ENABLE_DEBUG_INFO = YES;
				ONLY_ACTIVE_ARCH = YES;
				SDKROOT = iphoneos;
				SWIFT_OPTIMIZATION_LEVEL = "-Onone";
			};
			name = Debug;
		};
		C4101CC91E34A027000076A3 /* Release */ = {
			isa = XCBuildConfiguration;
			buildSettings = {
				ALWAYS_SEARCH_USER_PATHS = NO;
				CLANG_ANALYZER_NONNULL = YES;
				CLANG_CXX_LANGUAGE_STANDARD = "gnu++0x";
				CLANG_CXX_LIBRARY = "libc++";
				CLANG_ENABLE_MODULES = YES;
				CLANG_ENABLE_OBJC_ARC = YES;
				CLANG_WARN_BOOL_CONVERSION = YES;
				CLANG_WARN_CONSTANT_CONVERSION = YES;
				CLANG_WARN_DIRECT_OBJC_ISA_USAGE = YES_ERROR;
				CLANG_WARN_EMPTY_BODY = YES;
				CLANG_WARN_ENUM_CONVERSION = YES;
				CLANG_WARN_INT_CONVERSION = YES;
				CLANG_WARN_OBJC_ROOT_CLASS = YES_ERROR;
				CLANG_WARN_UNREACHABLE_CODE = YES;
				CLANG_WARN__DUPLICATE_METHOD_MATCH = YES;
				"CODE_SIGN_IDENTITY[sdk=iphoneos*]" = "iPhone Developer";
				COPY_PHASE_STRIP = NO;
				DEBUG_INFORMATION_FORMAT = "dwarf-with-dsym";
				ENABLE_NS_ASSERTIONS = NO;
				ENABLE_STRICT_OBJC_MSGSEND = YES;
				GCC_C_LANGUAGE_STANDARD = gnu99;
				GCC_NO_COMMON_BLOCKS = YES;
				GCC_WARN_64_TO_32_BIT_CONVERSION = YES;
				GCC_WARN_ABOUT_RETURN_TYPE = YES_ERROR;
				GCC_WARN_UNDECLARED_SELECTOR = YES;
				GCC_WARN_UNINITIALIZED_AUTOS = YES_AGGRESSIVE;
				GCC_WARN_UNUSED_FUNCTION = YES;
				GCC_WARN_UNUSED_VARIABLE = YES;
				IPHONEOS_DEPLOYMENT_TARGET = 9.3;
				MTL_ENABLE_DEBUG_INFO = NO;
				SDKROOT = iphoneos;
				VALIDATE_PRODUCT = YES;
			};
			name = Release;
		};
		C4101CCB1E34A027000076A3 /* Debug */ = {
			isa = XCBuildConfiguration;
			buildSettings = {
				ASSETCATALOG_COMPILER_APPICON_NAME = AppIcon;
				INFOPLIST_FILE = Tips22/Info.plist;
				LD_RUNPATH_SEARCH_PATHS = "$(inherited) @executable_path/Frameworks";
				PRODUCT_BUNDLE_IDENTIFIER = com.7feel.Tips22;
				PRODUCT_NAME = "$(TARGET_NAME)";
			};
			name = Debug;
		};
		C4101CCC1E34A027000076A3 /* Release */ = {
			isa = XCBuildConfiguration;
			buildSettings = {
				ASSETCATALOG_COMPILER_APPICON_NAME = AppIcon;
				INFOPLIST_FILE = Tips22/Info.plist;
				LD_RUNPATH_SEARCH_PATHS = "$(inherited) @executable_path/Frameworks";
				PRODUCT_BUNDLE_IDENTIFIER = com.7feel.Tips22;
				PRODUCT_NAME = "$(TARGET_NAME)";
			};
			name = Release;
		};
/* End XCBuildConfiguration section */

/* Begin XCConfigurationList section */
		C4101CB31E34A026000076A3 /* Build configuration list for PBXProject "Tips22" */ = {
			isa = XCConfigurationList;
			buildConfigurations = (
				C4101CC81E34A027000076A3 /* Debug */,
				C4101CC91E34A027000076A3 /* Release */,
			);
			defaultConfigurationIsVisible = 0;
			defaultConfigurationName = Release;
		};
		C4101CCA1E34A027000076A3 /* Build configuration list for PBXNativeTarget "Tips22" */ = {
			isa = XCConfigurationList;
			buildConfigurations = (
				C4101CCB1E34A027000076A3 /* Debug */,
				C4101CCC1E34A027000076A3 /* Release */,
			);
			defaultConfigurationIsVisible = 0;
		};
/* End XCConfigurationList section */
	};
	rootObject = C4101CB01E34A026000076A3 /* Project object */;
}
