// !$*UTF8*$!
{
	archiveVersion = 1;
	classes = {
	};
	objectVersion = 46;
	objects = {

/* Begin PBXBuildFile section */
		847D337C1F5002DF000DFF4F /* AppDelegate.swift in Sources */ = {isa = PBXBuildFile; fileRef = 847D337B1F5002DF000DFF4F /* AppDelegate.swift */; };
		847D337E1F5002DF000DFF4F /* ViewController.swift in Sources */ = {isa = PBXBuildFile; fileRef = 847D337D1F5002DF000DFF4F /* ViewController.swift */; };
		847D33811F5002DF000DFF4F /* Main.storyboard in Resources */ = {isa = PBXBuildFile; fileRef = 847D337F1F5002DF000DFF4F /* Main.storyboard */; };
		847D33831F5002DF000DFF4F /* Assets.xcassets in Resources */ = {isa = PBXBuildFile; fileRef = 847D33821F5002DF000DFF4F /* Assets.xcassets */; };
		847D33861F5002DF000DFF4F /* LaunchScreen.storyboard in Resources */ = {isa = PBXBuildFile; fileRef = 847D33841F5002DF000DFF4F /* LaunchScreen.storyboard */; };
/* End PBXBuildFile section */

/* Begin PBXFileReference section */
		847D33781F5002DF000DFF4F /* Tips27-delegate.app */ = {isa = PBXFileReference; explicitFileType = wrapper.application; includeInIndex = 0; path = "Tips27-delegate.app"; sourceTree = BUILT_PRODUCTS_DIR; };
		847D337B1F5002DF000DFF4F /* AppDelegate.swift */ = {isa = PBXFileReference; lastKnownFileType = sourcecode.swift; path = AppDelegate.swift; sourceTree = "<group>"; };
		847D337D1F5002DF000DFF4F /* ViewController.swift */ = {isa = PBXFileReference; lastKnownFileType = sourcecode.swift; path = ViewController.swift; sourceTree = "<group>"; };
		847D33801F5002DF000DFF4F /* Base */ = {isa = PBXFileReference; lastKnownFileType = file.storyboard; name = Base; path = Base.lproj/Main.storyboard; sourceTree = "<group>"; };
		847D33821F5002DF000DFF4F /* Assets.xcassets */ = {isa = PBXFileReference; lastKnownFileType = folder.assetcatalog; path = Assets.xcassets; sourceTree = "<group>"; };
		847D33851F5002DF000DFF4F /* Base */ = {isa = PBXFileReference; lastKnownFileType = file.storyboard; name = Base; path = Base.lproj/LaunchScreen.storyboard; sourceTree = "<group>"; };
		847D33871F5002DF000DFF4F /* Info.plist */ = {isa = PBXFileReference; lastKnownFileType = text.plist.xml; path = Info.plist; sourceTree = "<group>"; };
/* End PBXFileReference section */

/* Begin PBXFrameworksBuildPhase section */
		847D33751F5002DF000DFF4F /* Frameworks */ = {
			isa = PBXFrameworksBuildPhase;
			buildActionMask = 2147483647;
			files = (
			);
			runOnlyForDeploymentPostprocessing = 0;
		};
/* End PBXFrameworksBuildPhase section */

/* Begin PBXGroup section */
		847D336F1F5002DF000DFF4F = {
			isa = PBXGroup;
			children = (
				847D337A1F5002DF000DFF4F /* Tips27-delegate */,
				847D33791F5002DF000DFF4F /* Products */,
			);
			sourceTree = "<group>";
		};
		847D33791F5002DF000DFF4F /* Products */ = {
			isa = PBXGroup;
			children = (
				847D33781F5002DF000DFF4F /* Tips27-delegate.app */,
			);
			name = Products;
			sourceTree = "<group>";
		};
		847D337A1F5002DF000DFF4F /* Tips27-delegate */ = {
			isa = PBXGroup;
			children = (
				847D337B1F5002DF000DFF4F /* AppDelegate.swift */,
				847D337D1F5002DF000DFF4F /* ViewController.swift */,
				847D337F1F5002DF000DFF4F /* Main.storyboard */,
				847D33821F5002DF000DFF4F /* Assets.xcassets */,
				847D33841F5002DF000DFF4F /* LaunchScreen.storyboard */,
				847D33871F5002DF000DFF4F /* Info.plist */,
			);
			path = "Tips27-delegate";
			sourceTree = "<group>";
		};
/* End PBXGroup section */

/* Begin PBXNativeTarget section */
		847D33771F5002DF000DFF4F /* Tips27-delegate */ = {
			isa = PBXNativeTarget;
			buildConfigurationList = 847D338A1F5002DF000DFF4F /* Build configuration list for PBXNativeTarget "Tips27-delegate" */;
			buildPhases = (
				847D33741F5002DF000DFF4F /* Sources */,
				847D33751F5002DF000DFF4F /* Frameworks */,
				847D33761F5002DF000DFF4F /* Resources */,
			);
			buildRules = (
			);
			dependencies = (
			);
			name = "Tips27-delegate";
			productName = "Tips27-delegate";
			productReference = 847D33781F5002DF000DFF4F /* Tips27-delegate.app */;
			productType = "com.apple.product-type.application";
		};
/* End PBXNativeTarget section */

/* Begin PBXProject section */
		847D33701F5002DF000DFF4F /* Project object */ = {
			isa = PBXProject;
			attributes = {
				LastSwiftUpdateCheck = 0830;
				LastUpgradeCheck = 0830;
				ORGANIZATIONNAME = lirui;
				TargetAttributes = {
					847D33771F5002DF000DFF4F = {
						CreatedOnToolsVersion = 8.3.3;
						DevelopmentTeam = PB56Q6VEQ2;
						ProvisioningStyle = Automatic;
					};
				};
			};
			buildConfigurationList = 847D33731F5002DF000DFF4F /* Build configuration list for PBXProject "Tips27-delegate" */;
			compatibilityVersion = "Xcode 3.2";
			developmentRegion = English;
			hasScannedForEncodings = 0;
			knownRegions = (
				en,
				Base,
			);
			mainGroup = 847D336F1F5002DF000DFF4F;
			productRefGroup = 847D33791F5002DF000DFF4F /* Products */;
			projectDirPath = "";
			projectRoot = "";
			targets = (
				847D33771F5002DF000DFF4F /* Tips27-delegate */,
			);
		};
/* End PBXProject section */

/* Begin PBXResourcesBuildPhase section */
		847D33761F5002DF000DFF4F /* Resources */ = {
			isa = PBXResourcesBuildPhase;
			buildActionMask = 2147483647;
			files = (
				847D33861F5002DF000DFF4F /* LaunchScreen.storyboard in Resources */,
				847D33831F5002DF000DFF4F /* Assets.xcassets in Resources */,
				847D33811F5002DF000DFF4F /* Main.storyboard in Resources */,
			);
			runOnlyForDeploymentPostprocessing = 0;
		};
/* End PBXResourcesBuildPhase section */

/* Begin PBXSourcesBuildPhase section */
		847D33741F5002DF000DFF4F /* Sources */ = {
			isa = PBXSourcesBuildPhase;
			buildActionMask = 2147483647;
			files = (
				847D337E1F5002DF000DFF4F /* ViewController.swift in Sources */,
				847D337C1F5002DF000DFF4F /* AppDelegate.swift in Sources */,
			);
			runOnlyForDeploymentPostprocessing = 0;
		};
/* End PBXSourcesBuildPhase section */

/* Begin PBXVariantGroup section */
		847D337F1F5002DF000DFF4F /* Main.storyboard */ = {
			isa = PBXVariantGroup;
			children = (
				847D33801F5002DF000DFF4F /* Base */,
			);
			name = Main.storyboard;
			sourceTree = "<group>";
		};
		847D33841F5002DF000DFF4F /* LaunchScreen.storyboard */ = {
			isa = PBXVariantGroup;
			children = (
				847D33851F5002DF000DFF4F /* Base */,
			);
			name = LaunchScreen.storyboard;
			sourceTree = "<group>";
		};
/* End PBXVariantGroup section */

/* Begin XCBuildConfiguration section */
		847D33881F5002DF000DFF4F /* Debug */ = {
			isa = XCBuildConfiguration;
			buildSettings = {
				ALWAYS_SEARCH_USER_PATHS = NO;
				CLANG_ANALYZER_NONNULL = YES;
				CLANG_ANALYZER_NUMBER_OBJECT_CONVERSION = YES_AGGRESSIVE;
				CLANG_CXX_LANGUAGE_STANDARD = "gnu++0x";
				CLANG_CXX_LIBRARY = "libc++";
				CLANG_ENABLE_MODULES = YES;
				CLANG_ENABLE_OBJC_ARC = YES;
				CLANG_WARN_BOOL_CONVERSION = YES;
				CLANG_WARN_CONSTANT_CONVERSION = YES;
				CLANG_WARN_DIRECT_OBJC_ISA_USAGE = YES_ERROR;
				CLANG_WARN_DOCUMENTATION_COMMENTS = YES;
				CLANG_WARN_EMPTY_BODY = YES;
				CLANG_WARN_ENUM_CONVERSION = YES;
				CLANG_WARN_INFINITE_RECURSION = YES;
				CLANG_WARN_INT_CONVERSION = YES;
				CLANG_WARN_OBJC_ROOT_CLASS = YES_ERROR;
				CLANG_WARN_SUSPICIOUS_MOVE = YES;
				CLANG_WARN_UNREACHABLE_CODE = YES;
				CLANG_WARN__DUPLICATE_METHOD_MATCH = YES;
				"CODE_SIGN_IDENTITY[sdk=iphoneos*]" = "iPhone Developer";
				COPY_PHASE_STRIP = NO;
				DEBUG_INFORMATION_FORMAT = dwarf;
				ENABLE_STRICT_OBJC_MSGSEND = YES;
				ENABLE_TESTABILITY = YES;
				GCC_C_LANGUAGE_STANDARD = gnu99;
				GCC_DYNAMIC_NO_PIC = NO;
				GCC_NO_COMMON_BLOCKS = YES;
				GCC_OPTIMIZATION_LEVEL = 0;
				GCC_PREPROCESSOR_DEFINITIONS = (
					"DEBUG=1",
					"$(inherited)",
				);
				GCC_WARN_64_TO_32_BIT_CONVERSION = YES;
				GCC_WARN_ABOUT_RETURN_TYPE = YES_ERROR;
				GCC_WARN_UNDECLARED_SELECTOR = YES;
				GCC_WARN_UNINITIALIZED_AUTOS = YES_AGGRESSIVE;
				GCC_WARN_UNUSED_FUNCTION = YES;
				GCC_WARN_UNUSED_VARIABLE = YES;
				IPHONEOS_DEPLOYMENT_TARGET = 10.3;
				MTL_ENABLE_DEBUG_INFO = YES;
				ONLY_ACTIVE_ARCH = YES;
				SDKROOT = iphoneos;
				SWIFT_ACTIVE_COMPILATION_CONDITIONS = DEBUG;
				SWIFT_OPTIMIZATION_LEVEL = "-Onone";
			};
			name = Debug;
		};
		847D33891F5002DF000DFF4F /* Release */ = {
			isa = XCBuildConfiguration;
			buildSettings = {
				ALWAYS_SEARCH_USER_PATHS = NO;
				CLANG_ANALYZER_NONNULL = YES;
				CLANG_ANALYZER_NUMBER_OBJECT_CONVERSION = YES_AGGRESSIVE;
				CLANG_CXX_LANGUAGE_STANDARD = "gnu++0x";
				CLANG_CXX_LIBRARY = "libc++";
				CLANG_ENABLE_MODULES = YES;
				CLANG_ENABLE_OBJC_ARC = YES;
				CLANG_WARN_BOOL_CONVERSION = YES;
				CLANG_WARN_CONSTANT_CONVERSION = YES;
				CLANG_WARN_DIRECT_OBJC_ISA_USAGE = YES_ERROR;
				CLANG_WARN_DOCUMENTATION_COMMENTS = YES;
				CLANG_WARN_EMPTY_BODY = YES;
				CLANG_WARN_ENUM_CONVERSION = YES;
				CLANG_WARN_INFINITE_RECURSION = YES;
				CLANG_WARN_INT_CONVERSION = YES;
				CLANG_WARN_OBJC_ROOT_CLASS = YES_ERROR;
				CLANG_WARN_SUSPICIOUS_MOVE = YES;
				CLANG_WARN_UNREACHABLE_CODE = YES;
				CLANG_WARN__DUPLICATE_METHOD_MATCH = YES;
				"CODE_SIGN_IDENTITY[sdk=iphoneos*]" = "iPhone Developer";
				COPY_PHASE_STRIP = NO;
				DEBUG_INFORMATION_FORMAT = "dwarf-with-dsym";
				ENABLE_NS_ASSERTIONS = NO;
				ENABLE_STRICT_OBJC_MSGSEND = YES;
				GCC_C_LANGUAGE_STANDARD = gnu99;
				GCC_NO_COMMON_BLOCKS = YES;
				GCC_WARN_64_TO_32_BIT_CONVERSION = YES;
				GCC_WARN_ABOUT_RETURN_TYPE = YES_ERROR;
				GCC_WARN_UNDECLARED_SELECTOR = YES;
				GCC_WARN_UNINITIALIZED_AUTOS = YES_AGGRESSIVE;
				GCC_WARN_UNUSED_FUNCTION = YES;
				GCC_WARN_UNUSED_VARIABLE = YES;
				IPHONEOS_DEPLOYMENT_TARGET = 10.3;
				MTL_ENABLE_DEBUG_INFO = NO;
				SDKROOT = iphoneos;
				SWIFT_OPTIMIZATION_LEVEL = "-Owholemodule";
				VALIDATE_PRODUCT = YES;
			};
			name = Release;
		};
		847D338B1F5002DF000DFF4F /* Debug */ = {
			isa = XCBuildConfiguration;
			buildSettings = {
				ASSETCATALOG_COMPILER_APPICON_NAME = AppIcon;
				DEVELOPMENT_TEAM = PB56Q6VEQ2;
				INFOPLIST_FILE = "Tips27-delegate/Info.plist";
				LD_RUNPATH_SEARCH_PATHS = "$(inherited) @executable_path/Frameworks";
				PRODUCT_BUNDLE_IDENTIFIER = "com.weichuang.Tips27-delegate";
				PRODUCT_NAME = "$(TARGET_NAME)";
				SWIFT_VERSION = 3.0;
			};
			name = Debug;
		};
		847D338C1F5002DF000DFF4F /* Release */ = {
			isa = XCBuildConfiguration;
			buildSettings = {
				ASSETCATALOG_COMPILER_APPICON_NAME = AppIcon;
				DEVELOPMENT_TEAM = PB56Q6VEQ2;
				INFOPLIST_FILE = "Tips27-delegate/Info.plist";
				LD_RUNPATH_SEARCH_PATHS = "$(inherited) @executable_path/Frameworks";
				PRODUCT_BUNDLE_IDENTIFIER = "com.weichuang.Tips27-delegate";
				PRODUCT_NAME = "$(TARGET_NAME)";
				SWIFT_VERSION = 3.0;
			};
			name = Release;
		};
/* End XCBuildConfiguration section */

/* Begin XCConfigurationList section */
		847D33731F5002DF000DFF4F /* Build configuration list for PBXProject "Tips27-delegate" */ = {
			isa = XCConfigurationList;
			buildConfigurations = (
				847D33881F5002DF000DFF4F /* Debug */,
				847D33891F5002DF000DFF4F /* Release */,
			);
			defaultConfigurationIsVisible = 0;
			defaultConfigurationName = Release;
		};
		847D338A1F5002DF000DFF4F /* Build configuration list for PBXNativeTarget "Tips27-delegate" */ = {
			isa = XCConfigurationList;
			buildConfigurations = (
				847D338B1F5002DF000DFF4F /* Debug */,
				847D338C1F5002DF000DFF4F /* Release */,
			);
			defaultConfigurationIsVisible = 0;
		};
/* End XCConfigurationList section */
	};
	rootObject = 847D33701F5002DF000DFF4F /* Project object */;
}
