// !$*UTF8*$!
{
	archiveVersion = 1;
	classes = {
	};
	objectVersion = 46;
	objects = {

/* Begin PBXBuildFile section */
		8464086A1F4D65EF001F2E34 /* AppDelegate.swift in Sources */ = {isa = PBXBuildFile; fileRef = 846408691F4D65EF001F2E34 /* AppDelegate.swift */; };
		8464086C1F4D65EF001F2E34 /* ViewController.swift in Sources */ = {isa = PBXBuildFile; fileRef = 8464086B1F4D65EF001F2E34 /* ViewController.swift */; };
		8464086F1F4D65EF001F2E34 /* Main.storyboard in Resources */ = {isa = PBXBuildFile; fileRef = 8464086D1F4D65EF001F2E34 /* Main.storyboard */; };
		846408711F4D65EF001F2E34 /* Assets.xcassets in Resources */ = {isa = PBXBuildFile; fileRef = 846408701F4D65EF001F2E34 /* Assets.xcassets */; };
		846408741F4D65EF001F2E34 /* LaunchScreen.storyboard in Resources */ = {isa = PBXBuildFile; fileRef = 846408721F4D65EF001F2E34 /* LaunchScreen.storyboard */; };
		847B4B7D1F4E623C003A006B /* cFunc.c in Sources */ = {isa = PBXBuildFile; fileRef = 847B4B7B1F4E623C003A006B /* cFunc.c */; };
/* End PBXBuildFile section */

/* Begin PBXFileReference section */
		846408661F4D65EF001F2E34 /* Tips21 -UnsafePointer和C指针内存管理.app */ = {isa = PBXFileReference; explicitFileType = wrapper.application; includeInIndex = 0; path = "Tips21 -UnsafePointer和C指针内存管理.app"; sourceTree = BUILT_PRODUCTS_DIR; };
		846408691F4D65EF001F2E34 /* AppDelegate.swift */ = {isa = PBXFileReference; lastKnownFileType = sourcecode.swift; path = AppDelegate.swift; sourceTree = "<group>"; };
		8464086B1F4D65EF001F2E34 /* ViewController.swift */ = {isa = PBXFileReference; lastKnownFileType = sourcecode.swift; path = ViewController.swift; sourceTree = "<group>"; };
		8464086E1F4D65EF001F2E34 /* Base */ = {isa = PBXFileReference; lastKnownFileType = file.storyboard; name = Base; path = Base.lproj/Main.storyboard; sourceTree = "<group>"; };
		846408701F4D65EF001F2E34 /* Assets.xcassets */ = {isa = PBXFileReference; lastKnownFileType = folder.assetcatalog; path = Assets.xcassets; sourceTree = "<group>"; };
		846408731F4D65EF001F2E34 /* Base */ = {isa = PBXFileReference; lastKnownFileType = file.storyboard; name = Base; path = Base.lproj/LaunchScreen.storyboard; sourceTree = "<group>"; };
		846408751F4D65EF001F2E34 /* Info.plist */ = {isa = PBXFileReference; lastKnownFileType = text.plist.xml; path = Info.plist; sourceTree = "<group>"; };
		847B4B7A1F4E623C003A006B /* Tips21 -UnsafePointer和C指针内存管理-Bridging-Header.h */ = {isa = PBXFileReference; lastKnownFileType = sourcecode.c.h; path = "Tips21 -UnsafePointer和C指针内存管理-Bridging-Header.h"; sourceTree = "<group>"; };
		847B4B7B1F4E623C003A006B /* cFunc.c */ = {isa = PBXFileReference; fileEncoding = 4; lastKnownFileType = sourcecode.c.c; path = cFunc.c; sourceTree = "<group>"; };
		847B4B7C1F4E623C003A006B /* cFunc.h */ = {isa = PBXFileReference; fileEncoding = 4; lastKnownFileType = sourcecode.c.h; path = cFunc.h; sourceTree = "<group>"; };
/* End PBXFileReference section */

/* Begin PBXFrameworksBuildPhase section */
		846408631F4D65EF001F2E34 /* Frameworks */ = {
			isa = PBXFrameworksBuildPhase;
			buildActionMask = 2147483647;
			files = (
			);
			runOnlyForDeploymentPostprocessing = 0;
		};
/* End PBXFrameworksBuildPhase section */

/* Begin PBXGroup section */
		8464085D1F4D65EF001F2E34 = {
			isa = PBXGroup;
			children = (
				846408681F4D65EF001F2E34 /* Tips21 -UnsafePointer和C指针内存管理 */,
				846408671F4D65EF001F2E34 /* Products */,
			);
			sourceTree = "<group>";
		};
		846408671F4D65EF001F2E34 /* Products */ = {
			isa = PBXGroup;
			children = (
				846408661F4D65EF001F2E34 /* Tips21 -UnsafePointer和C指针内存管理.app */,
			);
			name = Products;
			sourceTree = "<group>";
		};
		846408681F4D65EF001F2E34 /* Tips21 -UnsafePointer和C指针内存管理 */ = {
			isa = PBXGroup;
			children = (
				846408691F4D65EF001F2E34 /* AppDelegate.swift */,
				8464086B1F4D65EF001F2E34 /* ViewController.swift */,
				847B4B7B1F4E623C003A006B /* cFunc.c */,
				847B4B7C1F4E623C003A006B /* cFunc.h */,
				8464086D1F4D65EF001F2E34 /* Main.storyboard */,
				846408701F4D65EF001F2E34 /* Assets.xcassets */,
				846408721F4D65EF001F2E34 /* LaunchScreen.storyboard */,
				846408751F4D65EF001F2E34 /* Info.plist */,
				847B4B7A1F4E623C003A006B /* Tips21 -UnsafePointer和C指针内存管理-Bridging-Header.h */,
			);
			path = "Tips21 -UnsafePointer和C指针内存管理";
			sourceTree = "<group>";
		};
/* End PBXGroup section */

/* Begin PBXNativeTarget section */
		846408651F4D65EF001F2E34 /* Tips21 -UnsafePointer和C指针内存管理 */ = {
			isa = PBXNativeTarget;
			buildConfigurationList = 846408781F4D65EF001F2E34 /* Build configuration list for PBXNativeTarget "Tips21 -UnsafePointer和C指针内存管理" */;
			buildPhases = (
				846408621F4D65EF001F2E34 /* Sources */,
				846408631F4D65EF001F2E34 /* Frameworks */,
				846408641F4D65EF001F2E34 /* Resources */,
			);
			buildRules = (
			);
			dependencies = (
			);
			name = "Tips21 -UnsafePointer和C指针内存管理";
			productName = "Tips21 -UnsafePointer和C指针内存管理";
			productReference = 846408661F4D65EF001F2E34 /* Tips21 -UnsafePointer和C指针内存管理.app */;
			productType = "com.apple.product-type.application";
		};
/* End PBXNativeTarget section */

/* Begin PBXProject section */
		8464085E1F4D65EF001F2E34 /* Project object */ = {
			isa = PBXProject;
			attributes = {
				LastSwiftUpdateCheck = 0830;
				LastUpgradeCheck = 0830;
				ORGANIZATIONNAME = lirui;
				TargetAttributes = {
					846408651F4D65EF001F2E34 = {
						CreatedOnToolsVersion = 8.3.3;
						DevelopmentTeam = PB56Q6VEQ2;
						LastSwiftMigration = 0830;
						ProvisioningStyle = Automatic;
					};
				};
			};
			buildConfigurationList = 846408611F4D65EF001F2E34 /* Build configuration list for PBXProject "Tips21 -UnsafePointer和C指针内存管理" */;
			compatibilityVersion = "Xcode 3.2";
			developmentRegion = English;
			hasScannedForEncodings = 0;
			knownRegions = (
				en,
				Base,
			);
			mainGroup = 8464085D1F4D65EF001F2E34;
			productRefGroup = 846408671F4D65EF001F2E34 /* Products */;
			projectDirPath = "";
			projectRoot = "";
			targets = (
				846408651F4D65EF001F2E34 /* Tips21 -UnsafePointer和C指针内存管理 */,
			);
		};
/* End PBXProject section */

/* Begin PBXResourcesBuildPhase section */
		846408641F4D65EF001F2E34 /* Resources */ = {
			isa = PBXResourcesBuildPhase;
			buildActionMask = 2147483647;
			files = (
				846408741F4D65EF001F2E34 /* LaunchScreen.storyboard in Resources */,
				846408711F4D65EF001F2E34 /* Assets.xcassets in Resources */,
				8464086F1F4D65EF001F2E34 /* Main.storyboard in Resources */,
			);
			runOnlyForDeploymentPostprocessing = 0;
		};
/* End PBXResourcesBuildPhase section */

/* Begin PBXSourcesBuildPhase section */
		846408621F4D65EF001F2E34 /* Sources */ = {
			isa = PBXSourcesBuildPhase;
			buildActionMask = 2147483647;
			files = (
				847B4B7D1F4E623C003A006B /* cFunc.c in Sources */,
				8464086C1F4D65EF001F2E34 /* ViewController.swift in Sources */,
				8464086A1F4D65EF001F2E34 /* AppDelegate.swift in Sources */,
			);
			runOnlyForDeploymentPostprocessing = 0;
		};
/* End PBXSourcesBuildPhase section */

/* Begin PBXVariantGroup section */
		8464086D1F4D65EF001F2E34 /* Main.storyboard */ = {
			isa = PBXVariantGroup;
			children = (
				8464086E1F4D65EF001F2E34 /* Base */,
			);
			name = Main.storyboard;
			sourceTree = "<group>";
		};
		846408721F4D65EF001F2E34 /* LaunchScreen.storyboard */ = {
			isa = PBXVariantGroup;
			children = (
				846408731F4D65EF001F2E34 /* Base */,
			);
			name = LaunchScreen.storyboard;
			sourceTree = "<group>";
		};
/* End PBXVariantGroup section */

/* Begin XCBuildConfiguration section */
		846408761F4D65EF001F2E34 /* Debug */ = {
			isa = XCBuildConfiguration;
			buildSettings = {
				ALWAYS_SEARCH_USER_PATHS = NO;
				CLANG_ANALYZER_NONNULL = YES;
				CLANG_ANALYZER_NUMBER_OBJECT_CONVERSION = YES_AGGRESSIVE;
				CLANG_CXX_LANGUAGE_STANDARD = "gnu++0x";
				CLANG_CXX_LIBRARY = "libc++";
				CLANG_ENABLE_MODULES = YES;
				CLANG_ENABLE_OBJC_ARC = YES;
				CLANG_WARN_BOOL_CONVERSION = YES;
				CLANG_WARN_CONSTANT_CONVERSION = YES;
				CLANG_WARN_DIRECT_OBJC_ISA_USAGE = YES_ERROR;
				CLANG_WARN_DOCUMENTATION_COMMENTS = YES;
				CLANG_WARN_EMPTY_BODY = YES;
				CLANG_WARN_ENUM_CONVERSION = YES;
				CLANG_WARN_INFINITE_RECURSION = YES;
				CLANG_WARN_INT_CONVERSION = YES;
				CLANG_WARN_OBJC_ROOT_CLASS = YES_ERROR;
				CLANG_WARN_SUSPICIOUS_MOVE = YES;
				CLANG_WARN_UNREACHABLE_CODE = YES;
				CLANG_WARN__DUPLICATE_METHOD_MATCH = YES;
				"CODE_SIGN_IDENTITY[sdk=iphoneos*]" = "iPhone Developer";
				COPY_PHASE_STRIP = NO;
				DEBUG_INFORMATION_FORMAT = dwarf;
				ENABLE_STRICT_OBJC_MSGSEND = YES;
				ENABLE_TESTABILITY = YES;
				GCC_C_LANGUAGE_STANDARD = gnu99;
				GCC_DYNAMIC_NO_PIC = NO;
				GCC_NO_COMMON_BLOCKS = YES;
				GCC_OPTIMIZATION_LEVEL = 0;
				GCC_PREPROCESSOR_DEFINITIONS = (
					"DEBUG=1",
					"$(inherited)",
				);
				GCC_WARN_64_TO_32_BIT_CONVERSION = YES;
				GCC_WARN_ABOUT_RETURN_TYPE = YES_ERROR;
				GCC_WARN_UNDECLARED_SELECTOR = YES;
				GCC_WARN_UNINITIALIZED_AUTOS = YES_AGGRESSIVE;
				GCC_WARN_UNUSED_FUNCTION = YES;
				GCC_WARN_UNUSED_VARIABLE = YES;
				IPHONEOS_DEPLOYMENT_TARGET = 10.3;
				MTL_ENABLE_DEBUG_INFO = YES;
				ONLY_ACTIVE_ARCH = YES;
				SDKROOT = iphoneos;
				SWIFT_ACTIVE_COMPILATION_CONDITIONS = DEBUG;
				SWIFT_OPTIMIZATION_LEVEL = "-Onone";
			};
			name = Debug;
		};
		846408771F4D65EF001F2E34 /* Release */ = {
			isa = XCBuildConfiguration;
			buildSettings = {
				ALWAYS_SEARCH_USER_PATHS = NO;
				CLANG_ANALYZER_NONNULL = YES;
				CLANG_ANALYZER_NUMBER_OBJECT_CONVERSION = YES_AGGRESSIVE;
				CLANG_CXX_LANGUAGE_STANDARD = "gnu++0x";
				CLANG_CXX_LIBRARY = "libc++";
				CLANG_ENABLE_MODULES = YES;
				CLANG_ENABLE_OBJC_ARC = YES;
				CLANG_WARN_BOOL_CONVERSION = YES;
				CLANG_WARN_CONSTANT_CONVERSION = YES;
				CLANG_WARN_DIRECT_OBJC_ISA_USAGE = YES_ERROR;
				CLANG_WARN_DOCUMENTATION_COMMENTS = YES;
				CLANG_WARN_EMPTY_BODY = YES;
				CLANG_WARN_ENUM_CONVERSION = YES;
				CLANG_WARN_INFINITE_RECURSION = YES;
				CLANG_WARN_INT_CONVERSION = YES;
				CLANG_WARN_OBJC_ROOT_CLASS = YES_ERROR;
				CLANG_WARN_SUSPICIOUS_MOVE = YES;
				CLANG_WARN_UNREACHABLE_CODE = YES;
				CLANG_WARN__DUPLICATE_METHOD_MATCH = YES;
				"CODE_SIGN_IDENTITY[sdk=iphoneos*]" = "iPhone Developer";
				COPY_PHASE_STRIP = NO;
				DEBUG_INFORMATION_FORMAT = "dwarf-with-dsym";
				ENABLE_NS_ASSERTIONS = NO;
				ENABLE_STRICT_OBJC_MSGSEND = YES;
				GCC_C_LANGUAGE_STANDARD = gnu99;
				GCC_NO_COMMON_BLOCKS = YES;
				GCC_WARN_64_TO_32_BIT_CONVERSION = YES;
				GCC_WARN_ABOUT_RETURN_TYPE = YES_ERROR;
				GCC_WARN_UNDECLARED_SELECTOR = YES;
				GCC_WARN_UNINITIALIZED_AUTOS = YES_AGGRESSIVE;
				GCC_WARN_UNUSED_FUNCTION = YES;
				GCC_WARN_UNUSED_VARIABLE = YES;
				IPHONEOS_DEPLOYMENT_TARGET = 10.3;
				MTL_ENABLE_DEBUG_INFO = NO;
				SDKROOT = iphoneos;
				SWIFT_OPTIMIZATION_LEVEL = "-Owholemodule";
				VALIDATE_PRODUCT = YES;
			};
			name = Release;
		};
		846408791F4D65EF001F2E34 /* Debug */ = {
			isa = XCBuildConfiguration;
			buildSettings = {
				ASSETCATALOG_COMPILER_APPICON_NAME = AppIcon;
				CLANG_ENABLE_MODULES = YES;
				DEVELOPMENT_TEAM = PB56Q6VEQ2;
				INFOPLIST_FILE = "Tips21 -UnsafePointer和C指针内存管理/Info.plist";
				LD_RUNPATH_SEARCH_PATHS = "$(inherited) @executable_path/Frameworks";
				PRODUCT_BUNDLE_IDENTIFIER = "com.weichuang.Tips21--UnsafePointer-C------";
				PRODUCT_NAME = "$(TARGET_NAME)";
				SWIFT_OBJC_BRIDGING_HEADER = "Tips21 -UnsafePointer和C指针内存管理/Tips21 -UnsafePointer和C指针内存管理-Bridging-Header.h";
				SWIFT_OPTIMIZATION_LEVEL = "-Onone";
				SWIFT_VERSION = 3.0;
			};
			name = Debug;
		};
		8464087A1F4D65EF001F2E34 /* Release */ = {
			isa = XCBuildConfiguration;
			buildSettings = {
				ASSETCATALOG_COMPILER_APPICON_NAME = AppIcon;
				CLANG_ENABLE_MODULES = YES;
				DEVELOPMENT_TEAM = PB56Q6VEQ2;
				INFOPLIST_FILE = "Tips21 -UnsafePointer和C指针内存管理/Info.plist";
				LD_RUNPATH_SEARCH_PATHS = "$(inherited) @executable_path/Frameworks";
				PRODUCT_BUNDLE_IDENTIFIER = "com.weichuang.Tips21--UnsafePointer-C------";
				PRODUCT_NAME = "$(TARGET_NAME)";
				SWIFT_OBJC_BRIDGING_HEADER = "Tips21 -UnsafePointer和C指针内存管理/Tips21 -UnsafePointer和C指针内存管理-Bridging-Header.h";
				SWIFT_VERSION = 3.0;
			};
			name = Release;
		};
/* End XCBuildConfiguration section */

/* Begin XCConfigurationList section */
		846408611F4D65EF001F2E34 /* Build configuration list for PBXProject "Tips21 -UnsafePointer和C指针内存管理" */ = {
			isa = XCConfigurationList;
			buildConfigurations = (
				846408761F4D65EF001F2E34 /* Debug */,
				846408771F4D65EF001F2E34 /* Release */,
			);
			defaultConfigurationIsVisible = 0;
			defaultConfigurationName = Release;
		};
		846408781F4D65EF001F2E34 /* Build configuration list for PBXNativeTarget "Tips21 -UnsafePointer和C指针内存管理" */ = {
			isa = XCConfigurationList;
			buildConfigurations = (
				846408791F4D65EF001F2E34 /* Debug */,
				8464087A1F4D65EF001F2E34 /* Release */,
			);
			defaultConfigurationIsVisible = 0;
			defaultConfigurationName = Release;
		};
/* End XCConfigurationList section */
	};
	rootObject = 8464085E1F4D65EF001F2E34 /* Project object */;
}
