// !$*UTF8*$!
{
	archiveVersion = 1;
	classes = {
	};
	objectVersion = 46;
	objects = {

/* Begin PBXBuildFile section */
		C455EF7D1E32F27400CBEBE2 /* AppDelegate.swift in Sources */ = {isa = PBXBuildFile; fileRef = C455EF7C1E32F27400CBEBE2 /* AppDelegate.swift */; };
		C455EF7F1E32F27400CBEBE2 /* ViewController.swift in Sources */ = {isa = PBXBuildFile; fileRef = C455EF7E1E32F27400CBEBE2 /* ViewController.swift */; };
		C455EF821E32F27400CBEBE2 /* Main.storyboard in Resources */ = {isa = PBXBuildFile; fileRef = C455EF801E32F27400CBEBE2 /* Main.storyboard */; };
		C455EF841E32F27400CBEBE2 /* Assets.xcassets in Resources */ = {isa = PBXBuildFile; fileRef = C455EF831E32F27400CBEBE2 /* Assets.xcassets */; };
		C455EF871E32F27400CBEBE2 /* LaunchScreen.storyboard in Resources */ = {isa = PBXBuildFile; fileRef = C455EF851E32F27400CBEBE2 /* LaunchScreen.storyboard */; };
		C455EF951E32F54A00CBEBE2 /* MyManager.swift in Sources */ = {isa = PBXBuildFile; fileRef = C455EF941E32F54A00CBEBE2 /* MyManager.swift */; };
/* End PBXBuildFile section */

/* Begin PBXFileReference section */
		C455EF791E32F27400CBEBE2 /* Tips18-单例.app */ = {isa = PBXFileReference; explicitFileType = wrapper.application; includeInIndex = 0; path = "Tips18-单例.app"; sourceTree = BUILT_PRODUCTS_DIR; };
		C455EF7C1E32F27400CBEBE2 /* AppDelegate.swift */ = {isa = PBXFileReference; lastKnownFileType = sourcecode.swift; path = AppDelegate.swift; sourceTree = "<group>"; };
		C455EF7E1E32F27400CBEBE2 /* ViewController.swift */ = {isa = PBXFileReference; lastKnownFileType = sourcecode.swift; path = ViewController.swift; sourceTree = "<group>"; };
		C455EF811E32F27400CBEBE2 /* Base */ = {isa = PBXFileReference; lastKnownFileType = file.storyboard; name = Base; path = Base.lproj/Main.storyboard; sourceTree = "<group>"; };
		C455EF831E32F27400CBEBE2 /* Assets.xcassets */ = {isa = PBXFileReference; lastKnownFileType = folder.assetcatalog; path = Assets.xcassets; sourceTree = "<group>"; };
		C455EF861E32F27400CBEBE2 /* Base */ = {isa = PBXFileReference; lastKnownFileType = file.storyboard; name = Base; path = Base.lproj/LaunchScreen.storyboard; sourceTree = "<group>"; };
		C455EF881E32F27400CBEBE2 /* Info.plist */ = {isa = PBXFileReference; lastKnownFileType = text.plist.xml; path = Info.plist; sourceTree = "<group>"; };
		C455EF8E1E32F4CB00CBEBE2 /* Tips18-单例-Bridging-Header.h */ = {isa = PBXFileReference; lastKnownFileType = sourcecode.c.h; path = "Tips18-单例-Bridging-Header.h"; sourceTree = "<group>"; };
		C455EF941E32F54A00CBEBE2 /* MyManager.swift */ = {isa = PBXFileReference; fileEncoding = 4; lastKnownFileType = sourcecode.swift; path = MyManager.swift; sourceTree = "<group>"; };
/* End PBXFileReference section */

/* Begin PBXFrameworksBuildPhase section */
		C455EF761E32F27400CBEBE2 /* Frameworks */ = {
			isa = PBXFrameworksBuildPhase;
			buildActionMask = 2147483647;
			files = (
			);
			runOnlyForDeploymentPostprocessing = 0;
		};
/* End PBXFrameworksBuildPhase section */

/* Begin PBXGroup section */
		C455EF701E32F27400CBEBE2 = {
			isa = PBXGroup;
			children = (
				C455EF7B1E32F27400CBEBE2 /* Tips18-单例 */,
				C455EF7A1E32F27400CBEBE2 /* Products */,
			);
			sourceTree = "<group>";
		};
		C455EF7A1E32F27400CBEBE2 /* Products */ = {
			isa = PBXGroup;
			children = (
				C455EF791E32F27400CBEBE2 /* Tips18-单例.app */,
			);
			name = Products;
			sourceTree = "<group>";
		};
		C455EF7B1E32F27400CBEBE2 /* Tips18-单例 */ = {
			isa = PBXGroup;
			children = (
				C455EF7C1E32F27400CBEBE2 /* AppDelegate.swift */,
				C455EF7E1E32F27400CBEBE2 /* ViewController.swift */,
				C455EF941E32F54A00CBEBE2 /* MyManager.swift */,
				C455EF801E32F27400CBEBE2 /* Main.storyboard */,
				C455EF831E32F27400CBEBE2 /* Assets.xcassets */,
				C455EF851E32F27400CBEBE2 /* LaunchScreen.storyboard */,
				C455EF881E32F27400CBEBE2 /* Info.plist */,
				C455EF8E1E32F4CB00CBEBE2 /* Tips18-单例-Bridging-Header.h */,
			);
			path = "Tips18-单例";
			sourceTree = "<group>";
		};
/* End PBXGroup section */

/* Begin PBXNativeTarget section */
		C455EF781E32F27400CBEBE2 /* Tips18-单例 */ = {
			isa = PBXNativeTarget;
			buildConfigurationList = C455EF8B1E32F27400CBEBE2 /* Build configuration list for PBXNativeTarget "Tips18-单例" */;
			buildPhases = (
				C455EF751E32F27400CBEBE2 /* Sources */,
				C455EF761E32F27400CBEBE2 /* Frameworks */,
				C455EF771E32F27400CBEBE2 /* Resources */,
			);
			buildRules = (
			);
			dependencies = (
			);
			name = "Tips18-单例";
			productName = "Tips18-单例";
			productReference = C455EF791E32F27400CBEBE2 /* Tips18-单例.app */;
			productType = "com.apple.product-type.application";
		};
/* End PBXNativeTarget section */

/* Begin PBXProject section */
		C455EF711E32F27400CBEBE2 /* Project object */ = {
			isa = PBXProject;
			attributes = {
				LastSwiftUpdateCheck = 0730;
				LastUpgradeCheck = 0730;
				ORGANIZATIONNAME = 7feel;
				TargetAttributes = {
					C455EF781E32F27400CBEBE2 = {
						CreatedOnToolsVersion = 7.3;
					};
				};
			};
			buildConfigurationList = C455EF741E32F27400CBEBE2 /* Build configuration list for PBXProject "Tips18-单例" */;
			compatibilityVersion = "Xcode 3.2";
			developmentRegion = English;
			hasScannedForEncodings = 0;
			knownRegions = (
				en,
				Base,
			);
			mainGroup = C455EF701E32F27400CBEBE2;
			productRefGroup = C455EF7A1E32F27400CBEBE2 /* Products */;
			projectDirPath = "";
			projectRoot = "";
			targets = (
				C455EF781E32F27400CBEBE2 /* Tips18-单例 */,
			);
		};
/* End PBXProject section */

/* Begin PBXResourcesBuildPhase section */
		C455EF771E32F27400CBEBE2 /* Resources */ = {
			isa = PBXResourcesBuildPhase;
			buildActionMask = 2147483647;
			files = (
				C455EF871E32F27400CBEBE2 /* LaunchScreen.storyboard in Resources */,
				C455EF841E32F27400CBEBE2 /* Assets.xcassets in Resources */,
				C455EF821E32F27400CBEBE2 /* Main.storyboard in Resources */,
			);
			runOnlyForDeploymentPostprocessing = 0;
		};
/* End PBXResourcesBuildPhase section */

/* Begin PBXSourcesBuildPhase section */
		C455EF751E32F27400CBEBE2 /* Sources */ = {
			isa = PBXSourcesBuildPhase;
			buildActionMask = 2147483647;
			files = (
				C455EF7F1E32F27400CBEBE2 /* ViewController.swift in Sources */,
				C455EF7D1E32F27400CBEBE2 /* AppDelegate.swift in Sources */,
				C455EF951E32F54A00CBEBE2 /* MyManager.swift in Sources */,
			);
			runOnlyForDeploymentPostprocessing = 0;
		};
/* End PBXSourcesBuildPhase section */

/* Begin PBXVariantGroup section */
		C455EF801E32F27400CBEBE2 /* Main.storyboard */ = {
			isa = PBXVariantGroup;
			children = (
				C455EF811E32F27400CBEBE2 /* Base */,
			);
			name = Main.storyboard;
			sourceTree = "<group>";
		};
		C455EF851E32F27400CBEBE2 /* LaunchScreen.storyboard */ = {
			isa = PBXVariantGroup;
			children = (
				C455EF861E32F27400CBEBE2 /* Base */,
			);
			name = LaunchScreen.storyboard;
			sourceTree = "<group>";
		};
/* End PBXVariantGroup section */

/* Begin XCBuildConfiguration section */
		C455EF891E32F27400CBEBE2 /* Debug */ = {
			isa = XCBuildConfiguration;
			buildSettings = {
				ALWAYS_SEARCH_USER_PATHS = NO;
				CLANG_ANALYZER_NONNULL = YES;
				CLANG_CXX_LANGUAGE_STANDARD = "gnu++0x";
				CLANG_CXX_LIBRARY = "libc++";
				CLANG_ENABLE_MODULES = YES;
				CLANG_ENABLE_OBJC_ARC = YES;
				CLANG_WARN_BOOL_CONVERSION = YES;
				CLANG_WARN_CONSTANT_CONVERSION = YES;
				CLANG_WARN_DIRECT_OBJC_ISA_USAGE = YES_ERROR;
				CLANG_WARN_EMPTY_BODY = YES;
				CLANG_WARN_ENUM_CONVERSION = YES;
				CLANG_WARN_INT_CONVERSION = YES;
				CLANG_WARN_OBJC_ROOT_CLASS = YES_ERROR;
				CLANG_WARN_UNREACHABLE_CODE = YES;
				CLANG_WARN__DUPLICATE_METHOD_MATCH = YES;
				"CODE_SIGN_IDENTITY[sdk=iphoneos*]" = "iPhone Developer";
				COPY_PHASE_STRIP = NO;
				DEBUG_INFORMATION_FORMAT = dwarf;
				ENABLE_STRICT_OBJC_MSGSEND = YES;
				ENABLE_TESTABILITY = YES;
				GCC_C_LANGUAGE_STANDARD = gnu99;
				GCC_DYNAMIC_NO_PIC = NO;
				GCC_NO_COMMON_BLOCKS = YES;
				GCC_OPTIMIZATION_LEVEL = 0;
				GCC_PREPROCESSOR_DEFINITIONS = (
					"DEBUG=1",
					"$(inherited)",
				);
				GCC_WARN_64_TO_32_BIT_CONVERSION = YES;
				GCC_WARN_ABOUT_RETURN_TYPE = YES_ERROR;
				GCC_WARN_UNDECLARED_SELECTOR = YES;
				GCC_WARN_UNINITIALIZED_AUTOS = YES_AGGRESSIVE;
				GCC_WARN_UNUSED_FUNCTION = YES;
				GCC_WARN_UNUSED_VARIABLE = YES;
				IPHONEOS_DEPLOYMENT_TARGET = 9.3;
				MTL_ENABLE_DEBUG_INFO = YES;
				ONLY_ACTIVE_ARCH = YES;
				SDKROOT = iphoneos;
				SWIFT_OPTIMIZATION_LEVEL = "-Onone";
			};
			name = Debug;
		};
		C455EF8A1E32F27400CBEBE2 /* Release */ = {
			isa = XCBuildConfiguration;
			buildSettings = {
				ALWAYS_SEARCH_USER_PATHS = NO;
				CLANG_ANALYZER_NONNULL = YES;
				CLANG_CXX_LANGUAGE_STANDARD = "gnu++0x";
				CLANG_CXX_LIBRARY = "libc++";
				CLANG_ENABLE_MODULES = YES;
				CLANG_ENABLE_OBJC_ARC = YES;
				CLANG_WARN_BOOL_CONVERSION = YES;
				CLANG_WARN_CONSTANT_CONVERSION = YES;
				CLANG_WARN_DIRECT_OBJC_ISA_USAGE = YES_ERROR;
				CLANG_WARN_EMPTY_BODY = YES;
				CLANG_WARN_ENUM_CONVERSION = YES;
				CLANG_WARN_INT_CONVERSION = YES;
				CLANG_WARN_OBJC_ROOT_CLASS = YES_ERROR;
				CLANG_WARN_UNREACHABLE_CODE = YES;
				CLANG_WARN__DUPLICATE_METHOD_MATCH = YES;
				"CODE_SIGN_IDENTITY[sdk=iphoneos*]" = "iPhone Developer";
				COPY_PHASE_STRIP = NO;
				DEBUG_INFORMATION_FORMAT = "dwarf-with-dsym";
				ENABLE_NS_ASSERTIONS = NO;
				ENABLE_STRICT_OBJC_MSGSEND = YES;
				GCC_C_LANGUAGE_STANDARD = gnu99;
				GCC_NO_COMMON_BLOCKS = YES;
				GCC_WARN_64_TO_32_BIT_CONVERSION = YES;
				GCC_WARN_ABOUT_RETURN_TYPE = YES_ERROR;
				GCC_WARN_UNDECLARED_SELECTOR = YES;
				GCC_WARN_UNINITIALIZED_AUTOS = YES_AGGRESSIVE;
				GCC_WARN_UNUSED_FUNCTION = YES;
				GCC_WARN_UNUSED_VARIABLE = YES;
				IPHONEOS_DEPLOYMENT_TARGET = 9.3;
				MTL_ENABLE_DEBUG_INFO = NO;
				SDKROOT = iphoneos;
				VALIDATE_PRODUCT = YES;
			};
			name = Release;
		};
		C455EF8C1E32F27400CBEBE2 /* Debug */ = {
			isa = XCBuildConfiguration;
			buildSettings = {
				ASSETCATALOG_COMPILER_APPICON_NAME = AppIcon;
				CLANG_ENABLE_MODULES = YES;
				INFOPLIST_FILE = "Tips18-单例/Info.plist";
				LD_RUNPATH_SEARCH_PATHS = "$(inherited) @executable_path/Frameworks";
				PRODUCT_BUNDLE_IDENTIFIER = "com.7feel.Tips18---";
				PRODUCT_NAME = "$(TARGET_NAME)";
				SWIFT_OBJC_BRIDGING_HEADER = "Tips18-单例/Tips18-单例-Bridging-Header.h";
				SWIFT_OPTIMIZATION_LEVEL = "-Onone";
			};
			name = Debug;
		};
		C455EF8D1E32F27400CBEBE2 /* Release */ = {
			isa = XCBuildConfiguration;
			buildSettings = {
				ASSETCATALOG_COMPILER_APPICON_NAME = AppIcon;
				CLANG_ENABLE_MODULES = YES;
				INFOPLIST_FILE = "Tips18-单例/Info.plist";
				LD_RUNPATH_SEARCH_PATHS = "$(inherited) @executable_path/Frameworks";
				PRODUCT_BUNDLE_IDENTIFIER = "com.7feel.Tips18---";
				PRODUCT_NAME = "$(TARGET_NAME)";
				SWIFT_OBJC_BRIDGING_HEADER = "Tips18-单例/Tips18-单例-Bridging-Header.h";
			};
			name = Release;
		};
/* End XCBuildConfiguration section */

/* Begin XCConfigurationList section */
		C455EF741E32F27400CBEBE2 /* Build configuration list for PBXProject "Tips18-单例" */ = {
			isa = XCConfigurationList;
			buildConfigurations = (
				C455EF891E32F27400CBEBE2 /* Debug */,
				C455EF8A1E32F27400CBEBE2 /* Release */,
			);
			defaultConfigurationIsVisible = 0;
			defaultConfigurationName = Release;
		};
		C455EF8B1E32F27400CBEBE2 /* Build configuration list for PBXNativeTarget "Tips18-单例" */ = {
			isa = XCConfigurationList;
			buildConfigurations = (
				C455EF8C1E32F27400CBEBE2 /* Debug */,
				C455EF8D1E32F27400CBEBE2 /* Release */,
			);
			defaultConfigurationIsVisible = 0;
		};
/* End XCConfigurationList section */
	};
	rootObject = C455EF711E32F27400CBEBE2 /* Project object */;
}
